// !$*UTF8*$!
{
	archiveVersion = 1;
	classes = {
	};
	objectVersion = 46;
	objects = {

/* Begin PBXBuildFile section */
		7CA28ED01E8C17A6000E769E /* Assets.xcassets in Resources */ = {isa = PBXBuildFile; fileRef = 7CA28ECF1E8C17A6000E769E /* Assets.xcassets */; };
		7CA28EDB1E8C1931000E769E /* SDL.framework in Frameworks */ = {isa = PBXBuildFile; fileRef = 7CA28EDA1E8C1931000E769E /* SDL.framework */; };
		7CA28EE01E8C1A3C000E769E /* ReadMeDevLite.txt in Resources */ = {isa = PBXBuildFile; fileRef = 7CA28EDD1E8C1A3C000E769E /* ReadMeDevLite.txt */; };
		7CA28EE11E8C1A3C000E769E /* SDLMain.m in Sources */ = {isa = PBXBuildFile; fileRef = 7CA28EDF1E8C1A3C000E769E /* SDLMain.m */; };
		7CA28EE41E8C1A86000E769E /* skeleton.cpp in Sources */ = {isa = PBXBuildFile; fileRef = 7CA28EE31E8C1A86000E769E /* skeleton.cpp */; };
		7CA28FC91E8C1AA7000E769E /* CMakeLists.txt in Resources */ = {isa = PBXBuildFile; fileRef = 7CA28EE61E8C1AA6000E769E /* CMakeLists.txt */; };
		7CA28FCB1E8C1AA7000E769E /* func_common.inl in Resources */ = {isa = PBXBuildFile; fileRef = 7CA28EEF1E8C1AA6000E769E /* func_common.inl */; };
		7CA28FCC1E8C1AA7000E769E /* func_exponential.inl in Resources */ = {isa = PBXBuildFile; fileRef = 7CA28EF11E8C1AA6000E769E /* func_exponential.inl */; };
		7CA28FCD1E8C1AA7000E769E /* func_geometric.inl in Resources */ = {isa = PBXBuildFile; fileRef = 7CA28EF31E8C1AA6000E769E /* func_geometric.inl */; };
		7CA28FCE1E8C1AA7000E769E /* func_integer.inl in Resources */ = {isa = PBXBuildFile; fileRef = 7CA28EF51E8C1AA6000E769E /* func_integer.inl */; };
		7CA28FCF1E8C1AA7000E769E /* func_matrix.inl in Resources */ = {isa = PBXBuildFile; fileRef = 7CA28EF71E8C1AA6000E769E /* func_matrix.inl */; };
		7CA28FD01E8C1AA7000E769E /* func_noise.inl in Resources */ = {isa = PBXBuildFile; fileRef = 7CA28EF91E8C1AA6000E769E /* func_noise.inl */; };
		7CA28FD11E8C1AA7000E769E /* func_packing.inl in Resources */ = {isa = PBXBuildFile; fileRef = 7CA28EFB1E8C1AA6000E769E /* func_packing.inl */; };
		7CA28FD21E8C1AA7000E769E /* func_trigonometric.inl in Resources */ = {isa = PBXBuildFile; fileRef = 7CA28EFD1E8C1AA6000E769E /* func_trigonometric.inl */; };
		7CA28FD31E8C1AA7000E769E /* func_vector_relational.inl in Resources */ = {isa = PBXBuildFile; fileRef = 7CA28EFF1E8C1AA6000E769E /* func_vector_relational.inl */; };
		7CA28FD41E8C1AA7000E769E /* intrinsic_common.inl in Resources */ = {isa = PBXBuildFile; fileRef = 7CA28F021E8C1AA6000E769E /* intrinsic_common.inl */; };
		7CA28FD51E8C1AA7000E769E /* intrinsic_exponential.inl in Resources */ = {isa = PBXBuildFile; fileRef = 7CA28F041E8C1AA6000E769E /* intrinsic_exponential.inl */; };
		7CA28FD61E8C1AA7000E769E /* intrinsic_geometric.inl in Resources */ = {isa = PBXBuildFile; fileRef = 7CA28F061E8C1AA6000E769E /* intrinsic_geometric.inl */; };
		7CA28FD71E8C1AA7000E769E /* intrinsic_matrix.inl in Resources */ = {isa = PBXBuildFile; fileRef = 7CA28F081E8C1AA6000E769E /* intrinsic_matrix.inl */; };
		7CA28FD81E8C1AA7000E769E /* intrinsic_trigonometric.inl in Resources */ = {isa = PBXBuildFile; fileRef = 7CA28F0A1E8C1AA6000E769E /* intrinsic_trigonometric.inl */; };
		7CA28FD91E8C1AA7000E769E /* intrinsic_vector_relational.inl in Resources */ = {isa = PBXBuildFile; fileRef = 7CA28F0C1E8C1AA6000E769E /* intrinsic_vector_relational.inl */; };
		7CA28FDA1E8C1AA7000E769E /* type_gentype.inl in Resources */ = {isa = PBXBuildFile; fileRef = 7CA28F111E8C1AA6000E769E /* type_gentype.inl */; };
		7CA28FDB1E8C1AA7000E769E /* type_half.inl in Resources */ = {isa = PBXBuildFile; fileRef = 7CA28F131E8C1AA6000E769E /* type_half.inl */; };
		7CA28FDC1E8C1AA7000E769E /* type_mat.inl in Resources */ = {isa = PBXBuildFile; fileRef = 7CA28F161E8C1AA6000E769E /* type_mat.inl */; };
		7CA28FDD1E8C1AA7000E769E /* type_mat2x2.inl in Resources */ = {isa = PBXBuildFile; fileRef = 7CA28F181E8C1AA6000E769E /* type_mat2x2.inl */; };
		7CA28FDE1E8C1AA7000E769E /* type_mat2x3.inl in Resources */ = {isa = PBXBuildFile; fileRef = 7CA28F1A1E8C1AA6000E769E /* type_mat2x3.inl */; };
		7CA28FDF1E8C1AA7000E769E /* type_mat2x4.inl in Resources */ = {isa = PBXBuildFile; fileRef = 7CA28F1C1E8C1AA6000E769E /* type_mat2x4.inl */; };
		7CA28FE01E8C1AA7000E769E /* type_mat3x2.inl in Resources */ = {isa = PBXBuildFile; fileRef = 7CA28F1E1E8C1AA7000E769E /* type_mat3x2.inl */; };
		7CA28FE11E8C1AA7000E769E /* type_mat3x3.inl in Resources */ = {isa = PBXBuildFile; fileRef = 7CA28F201E8C1AA7000E769E /* type_mat3x3.inl */; };
		7CA28FE21E8C1AA7000E769E /* type_mat3x4.inl in Resources */ = {isa = PBXBuildFile; fileRef = 7CA28F221E8C1AA7000E769E /* type_mat3x4.inl */; };
		7CA28FE31E8C1AA7000E769E /* type_mat4x2.inl in Resources */ = {isa = PBXBuildFile; fileRef = 7CA28F241E8C1AA7000E769E /* type_mat4x2.inl */; };
		7CA28FE41E8C1AA7000E769E /* type_mat4x3.inl in Resources */ = {isa = PBXBuildFile; fileRef = 7CA28F261E8C1AA7000E769E /* type_mat4x3.inl */; };
		7CA28FE51E8C1AA7000E769E /* type_mat4x4.inl in Resources */ = {isa = PBXBuildFile; fileRef = 7CA28F281E8C1AA7000E769E /* type_mat4x4.inl */; };
		7CA28FE61E8C1AA7000E769E /* type_vec.inl in Resources */ = {isa = PBXBuildFile; fileRef = 7CA28F2B1E8C1AA7000E769E /* type_vec.inl */; };
		7CA28FE71E8C1AA7000E769E /* type_vec1.inl in Resources */ = {isa = PBXBuildFile; fileRef = 7CA28F2D1E8C1AA7000E769E /* type_vec1.inl */; };
		7CA28FE81E8C1AA7000E769E /* type_vec2.inl in Resources */ = {isa = PBXBuildFile; fileRef = 7CA28F2F1E8C1AA7000E769E /* type_vec2.inl */; };
		7CA28FE91E8C1AA7000E769E /* type_vec3.inl in Resources */ = {isa = PBXBuildFile; fileRef = 7CA28F311E8C1AA7000E769E /* type_vec3.inl */; };
		7CA28FEA1E8C1AA7000E769E /* type_vec4.inl in Resources */ = {isa = PBXBuildFile; fileRef = 7CA28F331E8C1AA7000E769E /* type_vec4.inl */; };
		7CA28FEB1E8C1AA7000E769E /* half_float.inl in Resources */ = {isa = PBXBuildFile; fileRef = 7CA28F381E8C1AA7000E769E /* half_float.inl */; };
		7CA28FEC1E8C1AA7000E769E /* matrix_access.inl in Resources */ = {isa = PBXBuildFile; fileRef = 7CA28F3A1E8C1AA7000E769E /* matrix_access.inl */; };
		7CA28FED1E8C1AA7000E769E /* matrix_inverse.inl in Resources */ = {isa = PBXBuildFile; fileRef = 7CA28F3D1E8C1AA7000E769E /* matrix_inverse.inl */; };
		7CA28FEE1E8C1AA7000E769E /* matrix_transform.inl in Resources */ = {isa = PBXBuildFile; fileRef = 7CA28F3F1E8C1AA7000E769E /* matrix_transform.inl */; };
		7CA28FEF1E8C1AA7000E769E /* noise.inl in Resources */ = {isa = PBXBuildFile; fileRef = 7CA28F411E8C1AA7000E769E /* noise.inl */; };
		7CA28FF01E8C1AA7000E769E /* quaternion.inl in Resources */ = {isa = PBXBuildFile; fileRef = 7CA28F431E8C1AA7000E769E /* quaternion.inl */; };
		7CA28FF11E8C1AA7000E769E /* random.inl in Resources */ = {isa = PBXBuildFile; fileRef = 7CA28F451E8C1AA7000E769E /* random.inl */; };
		7CA28FF21E8C1AA7000E769E /* swizzle.inl in Resources */ = {isa = PBXBuildFile; fileRef = 7CA28F471E8C1AA7000E769E /* swizzle.inl */; };
		7CA28FF31E8C1AA7000E769E /* type_precision.inl in Resources */ = {isa = PBXBuildFile; fileRef = 7CA28F491E8C1AA7000E769E /* type_precision.inl */; };
		7CA28FF41E8C1AA7000E769E /* type_ptr.inl in Resources */ = {isa = PBXBuildFile; fileRef = 7CA28F4B1E8C1AA7000E769E /* type_ptr.inl */; };
		7CA28FF51E8C1AA7000E769E /* associated_min_max.inl in Resources */ = {isa = PBXBuildFile; fileRef = 7CA28F4E1E8C1AA7000E769E /* associated_min_max.inl */; };
		7CA28FF61E8C1AA7000E769E /* bit.inl in Resources */ = {isa = PBXBuildFile; fileRef = 7CA28F501E8C1AA7000E769E /* bit.inl */; };
		7CA28FF71E8C1AA7000E769E /* closest_point.inl in Resources */ = {isa = PBXBuildFile; fileRef = 7CA28F521E8C1AA7000E769E /* closest_point.inl */; };
		7CA28FF81E8C1AA7000E769E /* color_cast.inl in Resources */ = {isa = PBXBuildFile; fileRef = 7CA28F541E8C1AA7000E769E /* color_cast.inl */; };
		7CA28FF91E8C1AA7000E769E /* color_space.inl in Resources */ = {isa = PBXBuildFile; fileRef = 7CA28F561E8C1AA7000E769E /* color_space.inl */; };
		7CA28FFA1E8C1AA7000E769E /* color_space_YCoCg.inl in Resources */ = {isa = PBXBuildFile; fileRef = 7CA28F581E8C1AA7000E769E /* color_space_YCoCg.inl */; };
		7CA28FFB1E8C1AA7000E769E /* compatibility.inl in Resources */ = {isa = PBXBuildFile; fileRef = 7CA28F5A1E8C1AA7000E769E /* compatibility.inl */; };
		7CA28FFC1E8C1AA7000E769E /* component_wise.inl in Resources */ = {isa = PBXBuildFile; fileRef = 7CA28F5C1E8C1AA7000E769E /* component_wise.inl */; };
		7CA28FFD1E8C1AA7000E769E /* constants.inl in Resources */ = {isa = PBXBuildFile; fileRef = 7CA28F5E1E8C1AA7000E769E /* constants.inl */; };
		7CA28FFE1E8C1AA7000E769E /* epsilon.inl in Resources */ = {isa = PBXBuildFile; fileRef = 7CA28F601E8C1AA7000E769E /* epsilon.inl */; };
		7CA28FFF1E8C1AA7000E769E /* euler_angles.inl in Resources */ = {isa = PBXBuildFile; fileRef = 7CA28F621E8C1AA7000E769E /* euler_angles.inl */; };
		7CA290001E8C1AA7000E769E /* extend.inl in Resources */ = {isa = PBXBuildFile; fileRef = 7CA28F641E8C1AA7000E769E /* extend.inl */; };
		7CA290011E8C1AA7000E769E /* extented_min_max.inl in Resources */ = {isa = PBXBuildFile; fileRef = 7CA28F661E8C1AA7000E769E /* extented_min_max.inl */; };
		7CA290021E8C1AA7000E769E /* fast_exponential.inl in Resources */ = {isa = PBXBuildFile; fileRef = 7CA28F681E8C1AA7000E769E /* fast_exponential.inl */; };
		7CA290031E8C1AA7000E769E /* fast_square_root.inl in Resources */ = {isa = PBXBuildFile; fileRef = 7CA28F6A1E8C1AA7000E769E /* fast_square_root.inl */; };
		7CA290041E8C1AA7000E769E /* fast_trigonometry.inl in Resources */ = {isa = PBXBuildFile; fileRef = 7CA28F6C1E8C1AA7000E769E /* fast_trigonometry.inl */; };
		7CA290051E8C1AA7000E769E /* gradient_paint.inl in Resources */ = {isa = PBXBuildFile; fileRef = 7CA28F6E1E8C1AA7000E769E /* gradient_paint.inl */; };
		7CA290061E8C1AA7000E769E /* handed_coordinate_space.inl in Resources */ = {isa = PBXBuildFile; fileRef = 7CA28F701E8C1AA7000E769E /* handed_coordinate_space.inl */; };
		7CA290071E8C1AA7000E769E /* inertia.inl in Resources */ = {isa = PBXBuildFile; fileRef = 7CA28F721E8C1AA7000E769E /* inertia.inl */; };
		7CA290081E8C1AA7000E769E /* int_10_10_10_2.inl in Resources */ = {isa = PBXBuildFile; fileRef = 7CA28F741E8C1AA7000E769E /* int_10_10_10_2.inl */; };
		7CA290091E8C1AA7000E769E /* integer.inl in Resources */ = {isa = PBXBuildFile; fileRef = 7CA28F761E8C1AA7000E769E /* integer.inl */; };
		7CA2900A1E8C1AA7000E769E /* intersect.inl in Resources */ = {isa = PBXBuildFile; fileRef = 7CA28F781E8C1AA7000E769E /* intersect.inl */; };
		7CA2900B1E8C1AA7000E769E /* log_base.inl in Resources */ = {isa = PBXBuildFile; fileRef = 7CA28F7A1E8C1AA7000E769E /* log_base.inl */; };
		7CA2900C1E8C1AA7000E769E /* matrix_cross_product.inl in Resources */ = {isa = PBXBuildFile; fileRef = 7CA28F7C1E8C1AA7000E769E /* matrix_cross_product.inl */; };
		7CA2900D1E8C1AA7000E769E /* matrix_interpolation.inl in Resources */ = {isa = PBXBuildFile; fileRef = 7CA28F7E1E8C1AA7000E769E /* matrix_interpolation.inl */; };
		7CA2900E1E8C1AA7000E769E /* matrix_major_storage.inl in Resources */ = {isa = PBXBuildFile; fileRef = 7CA28F801E8C1AA7000E769E /* matrix_major_storage.inl */; };
		7CA2900F1E8C1AA7000E769E /* matrix_operation.inl in Resources */ = {isa = PBXBuildFile; fileRef = 7CA28F821E8C1AA7000E769E /* matrix_operation.inl */; };
		7CA290101E8C1AA7000E769E /* matrix_query.inl in Resources */ = {isa = PBXBuildFile; fileRef = 7CA28F841E8C1AA7000E769E /* matrix_query.inl */; };
		7CA290111E8C1AA7000E769E /* mixed_product.inl in Resources */ = {isa = PBXBuildFile; fileRef = 7CA28F861E8C1AA7000E769E /* mixed_product.inl */; };
		7CA290121E8C1AA7000E769E /* multiple.inl in Resources */ = {isa = PBXBuildFile; fileRef = 7CA28F881E8C1AA7000E769E /* multiple.inl */; };
		7CA290131E8C1AA7000E769E /* noise.inl in Resources */ = {isa = PBXBuildFile; fileRef = 7CA28F8A1E8C1AA7000E769E /* noise.inl */; };
		7CA290141E8C1AA7000E769E /* norm.inl in Resources */ = {isa = PBXBuildFile; fileRef = 7CA28F8C1E8C1AA7000E769E /* norm.inl */; };
		7CA290151E8C1AA7000E769E /* normal.inl in Resources */ = {isa = PBXBuildFile; fileRef = 7CA28F8E1E8C1AA7000E769E /* normal.inl */; };
		7CA290161E8C1AA7000E769E /* normalize_dot.inl in Resources */ = {isa = PBXBuildFile; fileRef = 7CA28F901E8C1AA7000E769E /* normalize_dot.inl */; };
		7CA290171E8C1AA7000E769E /* number_precision.inl in Resources */ = {isa = PBXBuildFile; fileRef = 7CA28F921E8C1AA7000E769E /* number_precision.inl */; };
		7CA290181E8C1AA7000E769E /* ocl_type.inl in Resources */ = {isa = PBXBuildFile; fileRef = 7CA28F941E8C1AA7000E769E /* ocl_type.inl */; };
		7CA290191E8C1AA7000E769E /* optimum_pow.inl in Resources */ = {isa = PBXBuildFile; fileRef = 7CA28F961E8C1AA7000E769E /* optimum_pow.inl */; };
		7CA2901A1E8C1AA7000E769E /* orthonormalize.inl in Resources */ = {isa = PBXBuildFile; fileRef = 7CA28F981E8C1AA7000E769E /* orthonormalize.inl */; };
		7CA2901B1E8C1AA7000E769E /* perpendicular.inl in Resources */ = {isa = PBXBuildFile; fileRef = 7CA28F9A1E8C1AA7000E769E /* perpendicular.inl */; };
		7CA2901C1E8C1AA7000E769E /* polar_coordinates.inl in Resources */ = {isa = PBXBuildFile; fileRef = 7CA28F9C1E8C1AA7000E769E /* polar_coordinates.inl */; };
		7CA2901D1E8C1AA7000E769E /* projection.inl in Resources */ = {isa = PBXBuildFile; fileRef = 7CA28F9E1E8C1AA7000E769E /* projection.inl */; };
		7CA2901E1E8C1AA7000E769E /* quaternion.inl in Resources */ = {isa = PBXBuildFile; fileRef = 7CA28FA01E8C1AA7000E769E /* quaternion.inl */; };
		7CA2901F1E8C1AA7000E769E /* random.inl in Resources */ = {isa = PBXBuildFile; fileRef = 7CA28FA21E8C1AA7000E769E /* random.inl */; };
		7CA290201E8C1AA7000E769E /* raw_data.inl in Resources */ = {isa = PBXBuildFile; fileRef = 7CA28FA41E8C1AA7000E769E /* raw_data.inl */; };
		7CA290211E8C1AA7000E769E /* reciprocal.inl in Resources */ = {isa = PBXBuildFile; fileRef = 7CA28FA61E8C1AA7000E769E /* reciprocal.inl */; };
		7CA290221E8C1AA7000E769E /* rotate_vector.inl in Resources */ = {isa = PBXBuildFile; fileRef = 7CA28FA81E8C1AA7000E769E /* rotate_vector.inl */; };
		7CA290231E8C1AA7000E769E /* simd_mat4.inl in Resources */ = {isa = PBXBuildFile; fileRef = 7CA28FAA1E8C1AA7000E769E /* simd_mat4.inl */; };
		7CA290241E8C1AA7000E769E /* simd_vec4.inl in Resources */ = {isa = PBXBuildFile; fileRef = 7CA28FAC1E8C1AA7000E769E /* simd_vec4.inl */; };
		7CA290251E8C1AA7000E769E /* spline.inl in Resources */ = {isa = PBXBuildFile; fileRef = 7CA28FAE1E8C1AA7000E769E /* spline.inl */; };
		7CA290261E8C1AA7000E769E /* std_based_type.inl in Resources */ = {isa = PBXBuildFile; fileRef = 7CA28FB01E8C1AA7000E769E /* std_based_type.inl */; };
		7CA290271E8C1AA7000E769E /* string_cast.inl in Resources */ = {isa = PBXBuildFile; fileRef = 7CA28FB21E8C1AA7000E769E /* string_cast.inl */; };
		7CA290281E8C1AA7000E769E /* transform.inl in Resources */ = {isa = PBXBuildFile; fileRef = 7CA28FB41E8C1AA7000E769E /* transform.inl */; };
		7CA290291E8C1AA7000E769E /* transform2.inl in Resources */ = {isa = PBXBuildFile; fileRef = 7CA28FB61E8C1AA7000E769E /* transform2.inl */; };
		7CA2902A1E8C1AA7000E769E /* ulp.inl in Resources */ = {isa = PBXBuildFile; fileRef = 7CA28FB81E8C1AA7000E769E /* ulp.inl */; };
		7CA2902B1E8C1AA7000E769E /* unsigned_int.inl in Resources */ = {isa = PBXBuildFile; fileRef = 7CA28FBA1E8C1AA7000E769E /* unsigned_int.inl */; };
		7CA2902C1E8C1AA7000E769E /* vec1.inl in Resources */ = {isa = PBXBuildFile; fileRef = 7CA28FBC1E8C1AA7000E769E /* vec1.inl */; };
		7CA2902D1E8C1AA7000E769E /* vector_access.inl in Resources */ = {isa = PBXBuildFile; fileRef = 7CA28FBE1E8C1AA7000E769E /* vector_access.inl */; };
		7CA2902E1E8C1AA7000E769E /* vector_angle.inl in Resources */ = {isa = PBXBuildFile; fileRef = 7CA28FC01E8C1AA7000E769E /* vector_angle.inl */; };
		7CA2902F1E8C1AA7000E769E /* vector_query.inl in Resources */ = {isa = PBXBuildFile; fileRef = 7CA28FC21E8C1AA7000E769E /* vector_query.inl */; };
		7CA290301E8C1AA7000E769E /* verbose_operator.inl in Resources */ = {isa = PBXBuildFile; fileRef = 7CA28FC41E8C1AA7000E769E /* verbose_operator.inl */; };
		7CA290311E8C1AA7000E769E /* wrap.inl in Resources */ = {isa = PBXBuildFile; fileRef = 7CA28FC61E8C1AA7000E769E /* wrap.inl */; };
/* End PBXBuildFile section */

/* Begin PBXFileReference section */
		7CA28EC61E8C17A6000E769E /* SDLwithGLM.app */ = {isa = PBXFileReference; explicitFileType = wrapper.application; includeInIndex = 0; path = SDLwithGLM.app; sourceTree = BUILT_PRODUCTS_DIR; };
		7CA28ECF1E8C17A6000E769E /* Assets.xcassets */ = {isa = PBXFileReference; lastKnownFileType = folder.assetcatalog; path = Assets.xcassets; sourceTree = "<group>"; };
		7CA28ED41E8C17A6000E769E /* Info.plist */ = {isa = PBXFileReference; lastKnownFileType = text.plist.xml; path = Info.plist; sourceTree = "<group>"; };
		7CA28EDA1E8C1931000E769E /* SDL.framework */ = {isa = PBXFileReference; lastKnownFileType = wrapper.framework; name = SDL.framework; path = ../../../../../../../../Library/Frameworks/SDL.framework; sourceTree = "<group>"; };
		7CA28EDD1E8C1A3C000E769E /* ReadMeDevLite.txt */ = {isa = PBXFileReference; fileEncoding = 4; lastKnownFileType = text; path = ReadMeDevLite.txt; sourceTree = "<group>"; };
		7CA28EDE1E8C1A3C000E769E /* SDLMain.h */ = {isa = PBXFileReference; fileEncoding = 4; lastKnownFileType = sourcecode.c.h; path = SDLMain.h; sourceTree = "<group>"; };
		7CA28EDF1E8C1A3C000E769E /* SDLMain.m */ = {isa = PBXFileReference; fileEncoding = 4; lastKnownFileType = sourcecode.c.objc; path = SDLMain.m; sourceTree = "<group>"; };
		7CA28EE21E8C1A72000E769E /* SDLauxiliary.h */ = {isa = PBXFileReference; lastKnownFileType = sourcecode.c.h; path = SDLauxiliary.h; sourceTree = "<group>"; };
		7CA28EE31E8C1A86000E769E /* skeleton.cpp */ = {isa = PBXFileReference; fileEncoding = 4; lastKnownFileType = sourcecode.cpp.cpp; path = skeleton.cpp; sourceTree = "<group>"; };
		7CA28EE61E8C1AA6000E769E /* CMakeLists.txt */ = {isa = PBXFileReference; fileEncoding = 4; lastKnownFileType = text; path = CMakeLists.txt; sourceTree = "<group>"; };
		7CA28EE81E8C1AA6000E769E /* _detail.hpp */ = {isa = PBXFileReference; fileEncoding = 4; lastKnownFileType = sourcecode.cpp.h; path = _detail.hpp; sourceTree = "<group>"; };
		7CA28EE91E8C1AA6000E769E /* _fixes.hpp */ = {isa = PBXFileReference; fileEncoding = 4; lastKnownFileType = sourcecode.cpp.h; path = _fixes.hpp; sourceTree = "<group>"; };
		7CA28EEA1E8C1AA6000E769E /* _swizzle.hpp */ = {isa = PBXFileReference; fileEncoding = 4; lastKnownFileType = sourcecode.cpp.h; path = _swizzle.hpp; sourceTree = "<group>"; };
		7CA28EEB1E8C1AA6000E769E /* _swizzle_func.hpp */ = {isa = PBXFileReference; fileEncoding = 4; lastKnownFileType = sourcecode.cpp.h; path = _swizzle_func.hpp; sourceTree = "<group>"; };
		7CA28EEC1E8C1AA6000E769E /* _vectorize.hpp */ = {isa = PBXFileReference; fileEncoding = 4; lastKnownFileType = sourcecode.cpp.h; path = _vectorize.hpp; sourceTree = "<group>"; };
		7CA28EEE1E8C1AA6000E769E /* func_common.hpp */ = {isa = PBXFileReference; fileEncoding = 4; lastKnownFileType = sourcecode.cpp.h; path = func_common.hpp; sourceTree = "<group>"; };
		7CA28EEF1E8C1AA6000E769E /* func_common.inl */ = {isa = PBXFileReference; fileEncoding = 4; lastKnownFileType = text; path = func_common.inl; sourceTree = "<group>"; };
		7CA28EF01E8C1AA6000E769E /* func_exponential.hpp */ = {isa = PBXFileReference; fileEncoding = 4; lastKnownFileType = sourcecode.cpp.h; path = func_exponential.hpp; sourceTree = "<group>"; };
		7CA28EF11E8C1AA6000E769E /* func_exponential.inl */ = {isa = PBXFileReference; fileEncoding = 4; lastKnownFileType = text; path = func_exponential.inl; sourceTree = "<group>"; };
		7CA28EF21E8C1AA6000E769E /* func_geometric.hpp */ = {isa = PBXFileReference; fileEncoding = 4; lastKnownFileType = sourcecode.cpp.h; path = func_geometric.hpp; sourceTree = "<group>"; };
		7CA28EF31E8C1AA6000E769E /* func_geometric.inl */ = {isa = PBXFileReference; fileEncoding = 4; lastKnownFileType = text; path = func_geometric.inl; sourceTree = "<group>"; };
		7CA28EF41E8C1AA6000E769E /* func_integer.hpp */ = {isa = PBXFileReference; fileEncoding = 4; lastKnownFileType = sourcecode.cpp.h; path = func_integer.hpp; sourceTree = "<group>"; };
		7CA28EF51E8C1AA6000E769E /* func_integer.inl */ = {isa = PBXFileReference; fileEncoding = 4; lastKnownFileType = text; path = func_integer.inl; sourceTree = "<group>"; };
		7CA28EF61E8C1AA6000E769E /* func_matrix.hpp */ = {isa = PBXFileReference; fileEncoding = 4; lastKnownFileType = sourcecode.cpp.h; path = func_matrix.hpp; sourceTree = "<group>"; };
		7CA28EF71E8C1AA6000E769E /* func_matrix.inl */ = {isa = PBXFileReference; fileEncoding = 4; lastKnownFileType = text; path = func_matrix.inl; sourceTree = "<group>"; };
		7CA28EF81E8C1AA6000E769E /* func_noise.hpp */ = {isa = PBXFileReference; fileEncoding = 4; lastKnownFileType = sourcecode.cpp.h; path = func_noise.hpp; sourceTree = "<group>"; };
		7CA28EF91E8C1AA6000E769E /* func_noise.inl */ = {isa = PBXFileReference; fileEncoding = 4; lastKnownFileType = text; path = func_noise.inl; sourceTree = "<group>"; };
		7CA28EFA1E8C1AA6000E769E /* func_packing.hpp */ = {isa = PBXFileReference; fileEncoding = 4; lastKnownFileType = sourcecode.cpp.h; path = func_packing.hpp; sourceTree = "<group>"; };
		7CA28EFB1E8C1AA6000E769E /* func_packing.inl */ = {isa = PBXFileReference; fileEncoding = 4; lastKnownFileType = text; path = func_packing.inl; sourceTree = "<group>"; };
		7CA28EFC1E8C1AA6000E769E /* func_trigonometric.hpp */ = {isa = PBXFileReference; fileEncoding = 4; lastKnownFileType = sourcecode.cpp.h; path = func_trigonometric.hpp; sourceTree = "<group>"; };
		7CA28EFD1E8C1AA6000E769E /* func_trigonometric.inl */ = {isa = PBXFileReference; fileEncoding = 4; lastKnownFileType = text; path = func_trigonometric.inl; sourceTree = "<group>"; };
		7CA28EFE1E8C1AA6000E769E /* func_vector_relational.hpp */ = {isa = PBXFileReference; fileEncoding = 4; lastKnownFileType = sourcecode.cpp.h; path = func_vector_relational.hpp; sourceTree = "<group>"; };
		7CA28EFF1E8C1AA6000E769E /* func_vector_relational.inl */ = {isa = PBXFileReference; fileEncoding = 4; lastKnownFileType = text; path = func_vector_relational.inl; sourceTree = "<group>"; };
		7CA28F001E8C1AA6000E769E /* hint.hpp */ = {isa = PBXFileReference; fileEncoding = 4; lastKnownFileType = sourcecode.cpp.h; path = hint.hpp; sourceTree = "<group>"; };
		7CA28F011E8C1AA6000E769E /* intrinsic_common.hpp */ = {isa = PBXFileReference; fileEncoding = 4; lastKnownFileType = sourcecode.cpp.h; path = intrinsic_common.hpp; sourceTree = "<group>"; };
		7CA28F021E8C1AA6000E769E /* intrinsic_common.inl */ = {isa = PBXFileReference; fileEncoding = 4; lastKnownFileType = text; path = intrinsic_common.inl; sourceTree = "<group>"; };
		7CA28F031E8C1AA6000E769E /* intrinsic_exponential.hpp */ = {isa = PBXFileReference; fileEncoding = 4; lastKnownFileType = sourcecode.cpp.h; path = intrinsic_exponential.hpp; sourceTree = "<group>"; };
		7CA28F041E8C1AA6000E769E /* intrinsic_exponential.inl */ = {isa = PBXFileReference; fileEncoding = 4; lastKnownFileType = text; path = intrinsic_exponential.inl; sourceTree = "<group>"; };
		7CA28F051E8C1AA6000E769E /* intrinsic_geometric.hpp */ = {isa = PBXFileReference; fileEncoding = 4; lastKnownFileType = sourcecode.cpp.h; path = intrinsic_geometric.hpp; sourceTree = "<group>"; };
		7CA28F061E8C1AA6000E769E /* intrinsic_geometric.inl */ = {isa = PBXFileReference; fileEncoding = 4; lastKnownFileType = text; path = intrinsic_geometric.inl; sourceTree = "<group>"; };
		7CA28F071E8C1AA6000E769E /* intrinsic_matrix.hpp */ = {isa = PBXFileReference; fileEncoding = 4; lastKnownFileType = sourcecode.cpp.h; path = intrinsic_matrix.hpp; sourceTree = "<group>"; };
		7CA28F081E8C1AA6000E769E /* intrinsic_matrix.inl */ = {isa = PBXFileReference; fileEncoding = 4; lastKnownFileType = text; path = intrinsic_matrix.inl; sourceTree = "<group>"; };
		7CA28F091E8C1AA6000E769E /* intrinsic_trigonometric.hpp */ = {isa = PBXFileReference; fileEncoding = 4; lastKnownFileType = sourcecode.cpp.h; path = intrinsic_trigonometric.hpp; sourceTree = "<group>"; };
		7CA28F0A1E8C1AA6000E769E /* intrinsic_trigonometric.inl */ = {isa = PBXFileReference; fileEncoding = 4; lastKnownFileType = text; path = intrinsic_trigonometric.inl; sourceTree = "<group>"; };
		7CA28F0B1E8C1AA6000E769E /* intrinsic_vector_relational.hpp */ = {isa = PBXFileReference; fileEncoding = 4; lastKnownFileType = sourcecode.cpp.h; path = intrinsic_vector_relational.hpp; sourceTree = "<group>"; };
		7CA28F0C1E8C1AA6000E769E /* intrinsic_vector_relational.inl */ = {isa = PBXFileReference; fileEncoding = 4; lastKnownFileType = text; path = intrinsic_vector_relational.inl; sourceTree = "<group>"; };
		7CA28F0D1E8C1AA6000E769E /* setup.hpp */ = {isa = PBXFileReference; fileEncoding = 4; lastKnownFileType = sourcecode.cpp.h; path = setup.hpp; sourceTree = "<group>"; };
		7CA28F0E1E8C1AA6000E769E /* type.hpp */ = {isa = PBXFileReference; fileEncoding = 4; lastKnownFileType = sourcecode.cpp.h; path = type.hpp; sourceTree = "<group>"; };
		7CA28F0F1E8C1AA6000E769E /* type_float.hpp */ = {isa = PBXFileReference; fileEncoding = 4; lastKnownFileType = sourcecode.cpp.h; path = type_float.hpp; sourceTree = "<group>"; };
		7CA28F101E8C1AA6000E769E /* type_gentype.hpp */ = {isa = PBXFileReference; fileEncoding = 4; lastKnownFileType = sourcecode.cpp.h; path = type_gentype.hpp; sourceTree = "<group>"; };
		7CA28F111E8C1AA6000E769E /* type_gentype.inl */ = {isa = PBXFileReference; fileEncoding = 4; lastKnownFileType = text; path = type_gentype.inl; sourceTree = "<group>"; };
		7CA28F121E8C1AA6000E769E /* type_half.hpp */ = {isa = PBXFileReference; fileEncoding = 4; lastKnownFileType = sourcecode.cpp.h; path = type_half.hpp; sourceTree = "<group>"; };
		7CA28F131E8C1AA6000E769E /* type_half.inl */ = {isa = PBXFileReference; fileEncoding = 4; lastKnownFileType = text; path = type_half.inl; sourceTree = "<group>"; };
		7CA28F141E8C1AA6000E769E /* type_int.hpp */ = {isa = PBXFileReference; fileEncoding = 4; lastKnownFileType = sourcecode.cpp.h; path = type_int.hpp; sourceTree = "<group>"; };
		7CA28F151E8C1AA6000E769E /* type_mat.hpp */ = {isa = PBXFileReference; fileEncoding = 4; lastKnownFileType = sourcecode.cpp.h; path = type_mat.hpp; sourceTree = "<group>"; };
		7CA28F161E8C1AA6000E769E /* type_mat.inl */ = {isa = PBXFileReference; fileEncoding = 4; lastKnownFileType = text; path = type_mat.inl; sourceTree = "<group>"; };
		7CA28F171E8C1AA6000E769E /* type_mat2x2.hpp */ = {isa = PBXFileReference; fileEncoding = 4; lastKnownFileType = sourcecode.cpp.h; path = type_mat2x2.hpp; sourceTree = "<group>"; };
		7CA28F181E8C1AA6000E769E /* type_mat2x2.inl */ = {isa = PBXFileReference; fileEncoding = 4; lastKnownFileType = text; path = type_mat2x2.inl; sourceTree = "<group>"; };
		7CA28F191E8C1AA6000E769E /* type_mat2x3.hpp */ = {isa = PBXFileReference; fileEncoding = 4; lastKnownFileType = sourcecode.cpp.h; path = type_mat2x3.hpp; sourceTree = "<group>"; };
		7CA28F1A1E8C1AA6000E769E /* type_mat2x3.inl */ = {isa = PBXFileReference; fileEncoding = 4; lastKnownFileType = text; path = type_mat2x3.inl; sourceTree = "<group>"; };
		7CA28F1B1E8C1AA6000E769E /* type_mat2x4.hpp */ = {isa = PBXFileReference; fileEncoding = 4; lastKnownFileType = sourcecode.cpp.h; path = type_mat2x4.hpp; sourceTree = "<group>"; };
		7CA28F1C1E8C1AA6000E769E /* type_mat2x4.inl */ = {isa = PBXFileReference; fileEncoding = 4; lastKnownFileType = text; path = type_mat2x4.inl; sourceTree = "<group>"; };
		7CA28F1D1E8C1AA6000E769E /* type_mat3x2.hpp */ = {isa = PBXFileReference; fileEncoding = 4; lastKnownFileType = sourcecode.cpp.h; path = type_mat3x2.hpp; sourceTree = "<group>"; };
		7CA28F1E1E8C1AA7000E769E /* type_mat3x2.inl */ = {isa = PBXFileReference; fileEncoding = 4; lastKnownFileType = text; path = type_mat3x2.inl; sourceTree = "<group>"; };
		7CA28F1F1E8C1AA7000E769E /* type_mat3x3.hpp */ = {isa = PBXFileReference; fileEncoding = 4; lastKnownFileType = sourcecode.cpp.h; path = type_mat3x3.hpp; sourceTree = "<group>"; };
		7CA28F201E8C1AA7000E769E /* type_mat3x3.inl */ = {isa = PBXFileReference; fileEncoding = 4; lastKnownFileType = text; path = type_mat3x3.inl; sourceTree = "<group>"; };
		7CA28F211E8C1AA7000E769E /* type_mat3x4.hpp */ = {isa = PBXFileReference; fileEncoding = 4; lastKnownFileType = sourcecode.cpp.h; path = type_mat3x4.hpp; sourceTree = "<group>"; };
		7CA28F221E8C1AA7000E769E /* type_mat3x4.inl */ = {isa = PBXFileReference; fileEncoding = 4; lastKnownFileType = text; path = type_mat3x4.inl; sourceTree = "<group>"; };
		7CA28F231E8C1AA7000E769E /* type_mat4x2.hpp */ = {isa = PBXFileReference; fileEncoding = 4; lastKnownFileType = sourcecode.cpp.h; path = type_mat4x2.hpp; sourceTree = "<group>"; };
		7CA28F241E8C1AA7000E769E /* type_mat4x2.inl */ = {isa = PBXFileReference; fileEncoding = 4; lastKnownFileType = text; path = type_mat4x2.inl; sourceTree = "<group>"; };
		7CA28F251E8C1AA7000E769E /* type_mat4x3.hpp */ = {isa = PBXFileReference; fileEncoding = 4; lastKnownFileType = sourcecode.cpp.h; path = type_mat4x3.hpp; sourceTree = "<group>"; };
		7CA28F261E8C1AA7000E769E /* type_mat4x3.inl */ = {isa = PBXFileReference; fileEncoding = 4; lastKnownFileType = text; path = type_mat4x3.inl; sourceTree = "<group>"; };
		7CA28F271E8C1AA7000E769E /* type_mat4x4.hpp */ = {isa = PBXFileReference; fileEncoding = 4; lastKnownFileType = sourcecode.cpp.h; path = type_mat4x4.hpp; sourceTree = "<group>"; };
		7CA28F281E8C1AA7000E769E /* type_mat4x4.inl */ = {isa = PBXFileReference; fileEncoding = 4; lastKnownFileType = text; path = type_mat4x4.inl; sourceTree = "<group>"; };
		7CA28F291E8C1AA7000E769E /* type_size.hpp */ = {isa = PBXFileReference; fileEncoding = 4; lastKnownFileType = sourcecode.cpp.h; path = type_size.hpp; sourceTree = "<group>"; };
		7CA28F2A1E8C1AA7000E769E /* type_vec.hpp */ = {isa = PBXFileReference; fileEncoding = 4; lastKnownFileType = sourcecode.cpp.h; path = type_vec.hpp; sourceTree = "<group>"; };
		7CA28F2B1E8C1AA7000E769E /* type_vec.inl */ = {isa = PBXFileReference; fileEncoding = 4; lastKnownFileType = text; path = type_vec.inl; sourceTree = "<group>"; };
		7CA28F2C1E8C1AA7000E769E /* type_vec1.hpp */ = {isa = PBXFileReference; fileEncoding = 4; lastKnownFileType = sourcecode.cpp.h; path = type_vec1.hpp; sourceTree = "<group>"; };
		7CA28F2D1E8C1AA7000E769E /* type_vec1.inl */ = {isa = PBXFileReference; fileEncoding = 4; lastKnownFileType = text; path = type_vec1.inl; sourceTree = "<group>"; };
		7CA28F2E1E8C1AA7000E769E /* type_vec2.hpp */ = {isa = PBXFileReference; fileEncoding = 4; lastKnownFileType = sourcecode.cpp.h; path = type_vec2.hpp; sourceTree = "<group>"; };
		7CA28F2F1E8C1AA7000E769E /* type_vec2.inl */ = {isa = PBXFileReference; fileEncoding = 4; lastKnownFileType = text; path = type_vec2.inl; sourceTree = "<group>"; };
		7CA28F301E8C1AA7000E769E /* type_vec3.hpp */ = {isa = PBXFileReference; fileEncoding = 4; lastKnownFileType = sourcecode.cpp.h; path = type_vec3.hpp; sourceTree = "<group>"; };
		7CA28F311E8C1AA7000E769E /* type_vec3.inl */ = {isa = PBXFileReference; fileEncoding = 4; lastKnownFileType = text; path = type_vec3.inl; sourceTree = "<group>"; };
		7CA28F321E8C1AA7000E769E /* type_vec4.hpp */ = {isa = PBXFileReference; fileEncoding = 4; lastKnownFileType = sourcecode.cpp.h; path = type_vec4.hpp; sourceTree = "<group>"; };
		7CA28F331E8C1AA7000E769E /* type_vec4.inl */ = {isa = PBXFileReference; fileEncoding = 4; lastKnownFileType = text; path = type_vec4.inl; sourceTree = "<group>"; };
		7CA28F341E8C1AA7000E769E /* ext.hpp */ = {isa = PBXFileReference; fileEncoding = 4; lastKnownFileType = sourcecode.cpp.h; path = ext.hpp; sourceTree = "<group>"; };
		7CA28F351E8C1AA7000E769E /* glm.hpp */ = {isa = PBXFileReference; fileEncoding = 4; lastKnownFileType = sourcecode.cpp.h; path = glm.hpp; sourceTree = "<group>"; };
		7CA28F371E8C1AA7000E769E /* half_float.hpp */ = {isa = PBXFileReference; fileEncoding = 4; lastKnownFileType = sourcecode.cpp.h; path = half_float.hpp; sourceTree = "<group>"; };
		7CA28F381E8C1AA7000E769E /* half_float.inl */ = {isa = PBXFileReference; fileEncoding = 4; lastKnownFileType = text; path = half_float.inl; sourceTree = "<group>"; };
		7CA28F391E8C1AA7000E769E /* matrix_access.hpp */ = {isa = PBXFileReference; fileEncoding = 4; lastKnownFileType = sourcecode.cpp.h; path = matrix_access.hpp; sourceTree = "<group>"; };
		7CA28F3A1E8C1AA7000E769E /* matrix_access.inl */ = {isa = PBXFileReference; fileEncoding = 4; lastKnownFileType = text; path = matrix_access.inl; sourceTree = "<group>"; };
		7CA28F3B1E8C1AA7000E769E /* matrix_integer.hpp */ = {isa = PBXFileReference; fileEncoding = 4; lastKnownFileType = sourcecode.cpp.h; path = matrix_integer.hpp; sourceTree = "<group>"; };
		7CA28F3C1E8C1AA7000E769E /* matrix_inverse.hpp */ = {isa = PBXFileReference; fileEncoding = 4; lastKnownFileType = sourcecode.cpp.h; path = matrix_inverse.hpp; sourceTree = "<group>"; };
		7CA28F3D1E8C1AA7000E769E /* matrix_inverse.inl */ = {isa = PBXFileReference; fileEncoding = 4; lastKnownFileType = text; path = matrix_inverse.inl; sourceTree = "<group>"; };
		7CA28F3E1E8C1AA7000E769E /* matrix_transform.hpp */ = {isa = PBXFileReference; fileEncoding = 4; lastKnownFileType = sourcecode.cpp.h; path = matrix_transform.hpp; sourceTree = "<group>"; };
		7CA28F3F1E8C1AA7000E769E /* matrix_transform.inl */ = {isa = PBXFileReference; fileEncoding = 4; lastKnownFileType = text; path = matrix_transform.inl; sourceTree = "<group>"; };
		7CA28F401E8C1AA7000E769E /* noise.hpp */ = {isa = PBXFileReference; fileEncoding = 4; lastKnownFileType = sourcecode.cpp.h; path = noise.hpp; sourceTree = "<group>"; };
		7CA28F411E8C1AA7000E769E /* noise.inl */ = {isa = PBXFileReference; fileEncoding = 4; lastKnownFileType = text; path = noise.inl; sourceTree = "<group>"; };
		7CA28F421E8C1AA7000E769E /* quaternion.hpp */ = {isa = PBXFileReference; fileEncoding = 4; lastKnownFileType = sourcecode.cpp.h; path = quaternion.hpp; sourceTree = "<group>"; };
		7CA28F431E8C1AA7000E769E /* quaternion.inl */ = {isa = PBXFileReference; fileEncoding = 4; lastKnownFileType = text; path = quaternion.inl; sourceTree = "<group>"; };
		7CA28F441E8C1AA7000E769E /* random.hpp */ = {isa = PBXFileReference; fileEncoding = 4; lastKnownFileType = sourcecode.cpp.h; path = random.hpp; sourceTree = "<group>"; };
		7CA28F451E8C1AA7000E769E /* random.inl */ = {isa = PBXFileReference; fileEncoding = 4; lastKnownFileType = text; path = random.inl; sourceTree = "<group>"; };
		7CA28F461E8C1AA7000E769E /* swizzle.hpp */ = {isa = PBXFileReference; fileEncoding = 4; lastKnownFileType = sourcecode.cpp.h; path = swizzle.hpp; sourceTree = "<group>"; };
		7CA28F471E8C1AA7000E769E /* swizzle.inl */ = {isa = PBXFileReference; fileEncoding = 4; lastKnownFileType = text; path = swizzle.inl; sourceTree = "<group>"; };
		7CA28F481E8C1AA7000E769E /* type_precision.hpp */ = {isa = PBXFileReference; fileEncoding = 4; lastKnownFileType = sourcecode.cpp.h; path = type_precision.hpp; sourceTree = "<group>"; };
		7CA28F491E8C1AA7000E769E /* type_precision.inl */ = {isa = PBXFileReference; fileEncoding = 4; lastKnownFileType = text; path = type_precision.inl; sourceTree = "<group>"; };
		7CA28F4A1E8C1AA7000E769E /* type_ptr.hpp */ = {isa = PBXFileReference; fileEncoding = 4; lastKnownFileType = sourcecode.cpp.h; path = type_ptr.hpp; sourceTree = "<group>"; };
		7CA28F4B1E8C1AA7000E769E /* type_ptr.inl */ = {isa = PBXFileReference; fileEncoding = 4; lastKnownFileType = text; path = type_ptr.inl; sourceTree = "<group>"; };
		7CA28F4D1E8C1AA7000E769E /* associated_min_max.hpp */ = {isa = PBXFileReference; fileEncoding = 4; lastKnownFileType = sourcecode.cpp.h; path = associated_min_max.hpp; sourceTree = "<group>"; };
		7CA28F4E1E8C1AA7000E769E /* associated_min_max.inl */ = {isa = PBXFileReference; fileEncoding = 4; lastKnownFileType = text; path = associated_min_max.inl; sourceTree = "<group>"; };
		7CA28F4F1E8C1AA7000E769E /* bit.hpp */ = {isa = PBXFileReference; fileEncoding = 4; lastKnownFileType = sourcecode.cpp.h; path = bit.hpp; sourceTree = "<group>"; };
		7CA28F501E8C1AA7000E769E /* bit.inl */ = {isa = PBXFileReference; fileEncoding = 4; lastKnownFileType = text; path = bit.inl; sourceTree = "<group>"; };
		7CA28F511E8C1AA7000E769E /* closest_point.hpp */ = {isa = PBXFileReference; fileEncoding = 4; lastKnownFileType = sourcecode.cpp.h; path = closest_point.hpp; sourceTree = "<group>"; };
		7CA28F521E8C1AA7000E769E /* closest_point.inl */ = {isa = PBXFileReference; fileEncoding = 4; lastKnownFileType = text; path = closest_point.inl; sourceTree = "<group>"; };
		7CA28F531E8C1AA7000E769E /* color_cast.hpp */ = {isa = PBXFileReference; fileEncoding = 4; lastKnownFileType = sourcecode.cpp.h; path = color_cast.hpp; sourceTree = "<group>"; };
		7CA28F541E8C1AA7000E769E /* color_cast.inl */ = {isa = PBXFileReference; fileEncoding = 4; lastKnownFileType = text; path = color_cast.inl; sourceTree = "<group>"; };
		7CA28F551E8C1AA7000E769E /* color_space.hpp */ = {isa = PBXFileReference; fileEncoding = 4; lastKnownFileType = sourcecode.cpp.h; path = color_space.hpp; sourceTree = "<group>"; };
		7CA28F561E8C1AA7000E769E /* color_space.inl */ = {isa = PBXFileReference; fileEncoding = 4; lastKnownFileType = text; path = color_space.inl; sourceTree = "<group>"; };
		7CA28F571E8C1AA7000E769E /* color_space_YCoCg.hpp */ = {isa = PBXFileReference; fileEncoding = 4; lastKnownFileType = sourcecode.cpp.h; path = color_space_YCoCg.hpp; sourceTree = "<group>"; };
		7CA28F581E8C1AA7000E769E /* color_space_YCoCg.inl */ = {isa = PBXFileReference; fileEncoding = 4; lastKnownFileType = text; path = color_space_YCoCg.inl; sourceTree = "<group>"; };
		7CA28F591E8C1AA7000E769E /* compatibility.hpp */ = {isa = PBXFileReference; fileEncoding = 4; lastKnownFileType = sourcecode.cpp.h; path = compatibility.hpp; sourceTree = "<group>"; };
		7CA28F5A1E8C1AA7000E769E /* compatibility.inl */ = {isa = PBXFileReference; fileEncoding = 4; lastKnownFileType = text; path = compatibility.inl; sourceTree = "<group>"; };
		7CA28F5B1E8C1AA7000E769E /* component_wise.hpp */ = {isa = PBXFileReference; fileEncoding = 4; lastKnownFileType = sourcecode.cpp.h; path = component_wise.hpp; sourceTree = "<group>"; };
		7CA28F5C1E8C1AA7000E769E /* component_wise.inl */ = {isa = PBXFileReference; fileEncoding = 4; lastKnownFileType = text; path = component_wise.inl; sourceTree = "<group>"; };
		7CA28F5D1E8C1AA7000E769E /* constants.hpp */ = {isa = PBXFileReference; fileEncoding = 4; lastKnownFileType = sourcecode.cpp.h; path = constants.hpp; sourceTree = "<group>"; };
		7CA28F5E1E8C1AA7000E769E /* constants.inl */ = {isa = PBXFileReference; fileEncoding = 4; lastKnownFileType = text; path = constants.inl; sourceTree = "<group>"; };
		7CA28F5F1E8C1AA7000E769E /* epsilon.hpp */ = {isa = PBXFileReference; fileEncoding = 4; lastKnownFileType = sourcecode.cpp.h; path = epsilon.hpp; sourceTree = "<group>"; };
		7CA28F601E8C1AA7000E769E /* epsilon.inl */ = {isa = PBXFileReference; fileEncoding = 4; lastKnownFileType = text; path = epsilon.inl; sourceTree = "<group>"; };
		7CA28F611E8C1AA7000E769E /* euler_angles.hpp */ = {isa = PBXFileReference; fileEncoding = 4; lastKnownFileType = sourcecode.cpp.h; path = euler_angles.hpp; sourceTree = "<group>"; };
		7CA28F621E8C1AA7000E769E /* euler_angles.inl */ = {isa = PBXFileReference; fileEncoding = 4; lastKnownFileType = text; path = euler_angles.inl; sourceTree = "<group>"; };
		7CA28F631E8C1AA7000E769E /* extend.hpp */ = {isa = PBXFileReference; fileEncoding = 4; lastKnownFileType = sourcecode.cpp.h; path = extend.hpp; sourceTree = "<group>"; };
		7CA28F641E8C1AA7000E769E /* extend.inl */ = {isa = PBXFileReference; fileEncoding = 4; lastKnownFileType = text; path = extend.inl; sourceTree = "<group>"; };
		7CA28F651E8C1AA7000E769E /* extented_min_max.hpp */ = {isa = PBXFileReference; fileEncoding = 4; lastKnownFileType = sourcecode.cpp.h; path = extented_min_max.hpp; sourceTree = "<group>"; };
		7CA28F661E8C1AA7000E769E /* extented_min_max.inl */ = {isa = PBXFileReference; fileEncoding = 4; lastKnownFileType = text; path = extented_min_max.inl; sourceTree = "<group>"; };
		7CA28F671E8C1AA7000E769E /* fast_exponential.hpp */ = {isa = PBXFileReference; fileEncoding = 4; lastKnownFileType = sourcecode.cpp.h; path = fast_exponential.hpp; sourceTree = "<group>"; };
		7CA28F681E8C1AA7000E769E /* fast_exponential.inl */ = {isa = PBXFileReference; fileEncoding = 4; lastKnownFileType = text; path = fast_exponential.inl; sourceTree = "<group>"; };
		7CA28F691E8C1AA7000E769E /* fast_square_root.hpp */ = {isa = PBXFileReference; fileEncoding = 4; lastKnownFileType = sourcecode.cpp.h; path = fast_square_root.hpp; sourceTree = "<group>"; };
		7CA28F6A1E8C1AA7000E769E /* fast_square_root.inl */ = {isa = PBXFileReference; fileEncoding = 4; lastKnownFileType = text; path = fast_square_root.inl; sourceTree = "<group>"; };
		7CA28F6B1E8C1AA7000E769E /* fast_trigonometry.hpp */ = {isa = PBXFileReference; fileEncoding = 4; lastKnownFileType = sourcecode.cpp.h; path = fast_trigonometry.hpp; sourceTree = "<group>"; };
		7CA28F6C1E8C1AA7000E769E /* fast_trigonometry.inl */ = {isa = PBXFileReference; fileEncoding = 4; lastKnownFileType = text; path = fast_trigonometry.inl; sourceTree = "<group>"; };
		7CA28F6D1E8C1AA7000E769E /* gradient_paint.hpp */ = {isa = PBXFileReference; fileEncoding = 4; lastKnownFileType = sourcecode.cpp.h; path = gradient_paint.hpp; sourceTree = "<group>"; };
		7CA28F6E1E8C1AA7000E769E /* gradient_paint.inl */ = {isa = PBXFileReference; fileEncoding = 4; lastKnownFileType = text; path = gradient_paint.inl; sourceTree = "<group>"; };
		7CA28F6F1E8C1AA7000E769E /* handed_coordinate_space.hpp */ = {isa = PBXFileReference; fileEncoding = 4; lastKnownFileType = sourcecode.cpp.h; path = handed_coordinate_space.hpp; sourceTree = "<group>"; };
		7CA28F701E8C1AA7000E769E /* handed_coordinate_space.inl */ = {isa = PBXFileReference; fileEncoding = 4; lastKnownFileType = text; path = handed_coordinate_space.inl; sourceTree = "<group>"; };
		7CA28F711E8C1AA7000E769E /* inertia.hpp */ = {isa = PBXFileReference; fileEncoding = 4; lastKnownFileType = sourcecode.cpp.h; path = inertia.hpp; sourceTree = "<group>"; };
		7CA28F721E8C1AA7000E769E /* inertia.inl */ = {isa = PBXFileReference; fileEncoding = 4; lastKnownFileType = text; path = inertia.inl; sourceTree = "<group>"; };
		7CA28F731E8C1AA7000E769E /* int_10_10_10_2.hpp */ = {isa = PBXFileReference; fileEncoding = 4; lastKnownFileType = sourcecode.cpp.h; path = int_10_10_10_2.hpp; sourceTree = "<group>"; };
		7CA28F741E8C1AA7000E769E /* int_10_10_10_2.inl */ = {isa = PBXFileReference; fileEncoding = 4; lastKnownFileType = text; path = int_10_10_10_2.inl; sourceTree = "<group>"; };
		7CA28F751E8C1AA7000E769E /* integer.hpp */ = {isa = PBXFileReference; fileEncoding = 4; lastKnownFileType = sourcecode.cpp.h; path = integer.hpp; sourceTree = "<group>"; };
		7CA28F761E8C1AA7000E769E /* integer.inl */ = {isa = PBXFileReference; fileEncoding = 4; lastKnownFileType = text; path = integer.inl; sourceTree = "<group>"; };
		7CA28F771E8C1AA7000E769E /* intersect.hpp */ = {isa = PBXFileReference; fileEncoding = 4; lastKnownFileType = sourcecode.cpp.h; path = intersect.hpp; sourceTree = "<group>"; };
		7CA28F781E8C1AA7000E769E /* intersect.inl */ = {isa = PBXFileReference; fileEncoding = 4; lastKnownFileType = text; path = intersect.inl; sourceTree = "<group>"; };
		7CA28F791E8C1AA7000E769E /* log_base.hpp */ = {isa = PBXFileReference; fileEncoding = 4; lastKnownFileType = sourcecode.cpp.h; path = log_base.hpp; sourceTree = "<group>"; };
		7CA28F7A1E8C1AA7000E769E /* log_base.inl */ = {isa = PBXFileReference; fileEncoding = 4; lastKnownFileType = text; path = log_base.inl; sourceTree = "<group>"; };
		7CA28F7B1E8C1AA7000E769E /* matrix_cross_product.hpp */ = {isa = PBXFileReference; fileEncoding = 4; lastKnownFileType = sourcecode.cpp.h; path = matrix_cross_product.hpp; sourceTree = "<group>"; };
		7CA28F7C1E8C1AA7000E769E /* matrix_cross_product.inl */ = {isa = PBXFileReference; fileEncoding = 4; lastKnownFileType = text; path = matrix_cross_product.inl; sourceTree = "<group>"; };
		7CA28F7D1E8C1AA7000E769E /* matrix_interpolation.hpp */ = {isa = PBXFileReference; fileEncoding = 4; lastKnownFileType = sourcecode.cpp.h; path = matrix_interpolation.hpp; sourceTree = "<group>"; };
		7CA28F7E1E8C1AA7000E769E /* matrix_interpolation.inl */ = {isa = PBXFileReference; fileEncoding = 4; lastKnownFileType = text; path = matrix_interpolation.inl; sourceTree = "<group>"; };
		7CA28F7F1E8C1AA7000E769E /* matrix_major_storage.hpp */ = {isa = PBXFileReference; fileEncoding = 4; lastKnownFileType = sourcecode.cpp.h; path = matrix_major_storage.hpp; sourceTree = "<group>"; };
		7CA28F801E8C1AA7000E769E /* matrix_major_storage.inl */ = {isa = PBXFileReference; fileEncoding = 4; lastKnownFileType = text; path = matrix_major_storage.inl; sourceTree = "<group>"; };
		7CA28F811E8C1AA7000E769E /* matrix_operation.hpp */ = {isa = PBXFileReference; fileEncoding = 4; lastKnownFileType = sourcecode.cpp.h; path = matrix_operation.hpp; sourceTree = "<group>"; };
		7CA28F821E8C1AA7000E769E /* matrix_operation.inl */ = {isa = PBXFileReference; fileEncoding = 4; lastKnownFileType = text; path = matrix_operation.inl; sourceTree = "<group>"; };
		7CA28F831E8C1AA7000E769E /* matrix_query.hpp */ = {isa = PBXFileReference; fileEncoding = 4; lastKnownFileType = sourcecode.cpp.h; path = matrix_query.hpp; sourceTree = "<group>"; };
		7CA28F841E8C1AA7000E769E /* matrix_query.inl */ = {isa = PBXFileReference; fileEncoding = 4; lastKnownFileType = text; path = matrix_query.inl; sourceTree = "<group>"; };
		7CA28F851E8C1AA7000E769E /* mixed_product.hpp */ = {isa = PBXFileReference; fileEncoding = 4; lastKnownFileType = sourcecode.cpp.h; path = mixed_product.hpp; sourceTree = "<group>"; };
		7CA28F861E8C1AA7000E769E /* mixed_product.inl */ = {isa = PBXFileReference; fileEncoding = 4; lastKnownFileType = text; path = mixed_product.inl; sourceTree = "<group>"; };
		7CA28F871E8C1AA7000E769E /* multiple.hpp */ = {isa = PBXFileReference; fileEncoding = 4; lastKnownFileType = sourcecode.cpp.h; path = multiple.hpp; sourceTree = "<group>"; };
		7CA28F881E8C1AA7000E769E /* multiple.inl */ = {isa = PBXFileReference; fileEncoding = 4; lastKnownFileType = text; path = multiple.inl; sourceTree = "<group>"; };
		7CA28F891E8C1AA7000E769E /* noise.hpp */ = {isa = PBXFileReference; fileEncoding = 4; lastKnownFileType = sourcecode.cpp.h; path = noise.hpp; sourceTree = "<group>"; };
		7CA28F8A1E8C1AA7000E769E /* noise.inl */ = {isa = PBXFileReference; fileEncoding = 4; lastKnownFileType = text; path = noise.inl; sourceTree = "<group>"; };
		7CA28F8B1E8C1AA7000E769E /* norm.hpp */ = {isa = PBXFileReference; fileEncoding = 4; lastKnownFileType = sourcecode.cpp.h; path = norm.hpp; sourceTree = "<group>"; };
		7CA28F8C1E8C1AA7000E769E /* norm.inl */ = {isa = PBXFileReference; fileEncoding = 4; lastKnownFileType = text; path = norm.inl; sourceTree = "<group>"; };
		7CA28F8D1E8C1AA7000E769E /* normal.hpp */ = {isa = PBXFileReference; fileEncoding = 4; lastKnownFileType = sourcecode.cpp.h; path = normal.hpp; sourceTree = "<group>"; };
		7CA28F8E1E8C1AA7000E769E /* normal.inl */ = {isa = PBXFileReference; fileEncoding = 4; lastKnownFileType = text; path = normal.inl; sourceTree = "<group>"; };
		7CA28F8F1E8C1AA7000E769E /* normalize_dot.hpp */ = {isa = PBXFileReference; fileEncoding = 4; lastKnownFileType = sourcecode.cpp.h; path = normalize_dot.hpp; sourceTree = "<group>"; };
		7CA28F901E8C1AA7000E769E /* normalize_dot.inl */ = {isa = PBXFileReference; fileEncoding = 4; lastKnownFileType = text; path = normalize_dot.inl; sourceTree = "<group>"; };
		7CA28F911E8C1AA7000E769E /* number_precision.hpp */ = {isa = PBXFileReference; fileEncoding = 4; lastKnownFileType = sourcecode.cpp.h; path = number_precision.hpp; sourceTree = "<group>"; };
		7CA28F921E8C1AA7000E769E /* number_precision.inl */ = {isa = PBXFileReference; fileEncoding = 4; lastKnownFileType = text; path = number_precision.inl; sourceTree = "<group>"; };
		7CA28F931E8C1AA7000E769E /* ocl_type.hpp */ = {isa = PBXFileReference; fileEncoding = 4; lastKnownFileType = sourcecode.cpp.h; path = ocl_type.hpp; sourceTree = "<group>"; };
		7CA28F941E8C1AA7000E769E /* ocl_type.inl */ = {isa = PBXFileReference; fileEncoding = 4; lastKnownFileType = text; path = ocl_type.inl; sourceTree = "<group>"; };
		7CA28F951E8C1AA7000E769E /* optimum_pow.hpp */ = {isa = PBXFileReference; fileEncoding = 4; lastKnownFileType = sourcecode.cpp.h; path = optimum_pow.hpp; sourceTree = "<group>"; };
		7CA28F961E8C1AA7000E769E /* optimum_pow.inl */ = {isa = PBXFileReference; fileEncoding = 4; lastKnownFileType = text; path = optimum_pow.inl; sourceTree = "<group>"; };
		7CA28F971E8C1AA7000E769E /* orthonormalize.hpp */ = {isa = PBXFileReference; fileEncoding = 4; lastKnownFileType = sourcecode.cpp.h; path = orthonormalize.hpp; sourceTree = "<group>"; };
		7CA28F981E8C1AA7000E769E /* orthonormalize.inl */ = {isa = PBXFileReference; fileEncoding = 4; lastKnownFileType = text; path = orthonormalize.inl; sourceTree = "<group>"; };
		7CA28F991E8C1AA7000E769E /* perpendicular.hpp */ = {isa = PBXFileReference; fileEncoding = 4; lastKnownFileType = sourcecode.cpp.h; path = perpendicular.hpp; sourceTree = "<group>"; };
		7CA28F9A1E8C1AA7000E769E /* perpendicular.inl */ = {isa = PBXFileReference; fileEncoding = 4; lastKnownFileType = text; path = perpendicular.inl; sourceTree = "<group>"; };
		7CA28F9B1E8C1AA7000E769E /* polar_coordinates.hpp */ = {isa = PBXFileReference; fileEncoding = 4; lastKnownFileType = sourcecode.cpp.h; path = polar_coordinates.hpp; sourceTree = "<group>"; };
		7CA28F9C1E8C1AA7000E769E /* polar_coordinates.inl */ = {isa = PBXFileReference; fileEncoding = 4; lastKnownFileType = text; path = polar_coordinates.inl; sourceTree = "<group>"; };
		7CA28F9D1E8C1AA7000E769E /* projection.hpp */ = {isa = PBXFileReference; fileEncoding = 4; lastKnownFileType = sourcecode.cpp.h; path = projection.hpp; sourceTree = "<group>"; };
		7CA28F9E1E8C1AA7000E769E /* projection.inl */ = {isa = PBXFileReference; fileEncoding = 4; lastKnownFileType = text; path = projection.inl; sourceTree = "<group>"; };
		7CA28F9F1E8C1AA7000E769E /* quaternion.hpp */ = {isa = PBXFileReference; fileEncoding = 4; lastKnownFileType = sourcecode.cpp.h; path = quaternion.hpp; sourceTree = "<group>"; };
		7CA28FA01E8C1AA7000E769E /* quaternion.inl */ = {isa = PBXFileReference; fileEncoding = 4; lastKnownFileType = text; path = quaternion.inl; sourceTree = "<group>"; };
		7CA28FA11E8C1AA7000E769E /* random.hpp */ = {isa = PBXFileReference; fileEncoding = 4; lastKnownFileType = sourcecode.cpp.h; path = random.hpp; sourceTree = "<group>"; };
		7CA28FA21E8C1AA7000E769E /* random.inl */ = {isa = PBXFileReference; fileEncoding = 4; lastKnownFileType = text; path = random.inl; sourceTree = "<group>"; };
		7CA28FA31E8C1AA7000E769E /* raw_data.hpp */ = {isa = PBXFileReference; fileEncoding = 4; lastKnownFileType = sourcecode.cpp.h; path = raw_data.hpp; sourceTree = "<group>"; };
		7CA28FA41E8C1AA7000E769E /* raw_data.inl */ = {isa = PBXFileReference; fileEncoding = 4; lastKnownFileType = text; path = raw_data.inl; sourceTree = "<group>"; };
		7CA28FA51E8C1AA7000E769E /* reciprocal.hpp */ = {isa = PBXFileReference; fileEncoding = 4; lastKnownFileType = sourcecode.cpp.h; path = reciprocal.hpp; sourceTree = "<group>"; };
		7CA28FA61E8C1AA7000E769E /* reciprocal.inl */ = {isa = PBXFileReference; fileEncoding = 4; lastKnownFileType = text; path = reciprocal.inl; sourceTree = "<group>"; };
		7CA28FA71E8C1AA7000E769E /* rotate_vector.hpp */ = {isa = PBXFileReference; fileEncoding = 4; lastKnownFileType = sourcecode.cpp.h; path = rotate_vector.hpp; sourceTree = "<group>"; };
		7CA28FA81E8C1AA7000E769E /* rotate_vector.inl */ = {isa = PBXFileReference; fileEncoding = 4; lastKnownFileType = text; path = rotate_vector.inl; sourceTree = "<group>"; };
		7CA28FA91E8C1AA7000E769E /* simd_mat4.hpp */ = {isa = PBXFileReference; fileEncoding = 4; lastKnownFileType = sourcecode.cpp.h; path = simd_mat4.hpp; sourceTree = "<group>"; };
		7CA28FAA1E8C1AA7000E769E /* simd_mat4.inl */ = {isa = PBXFileReference; fileEncoding = 4; lastKnownFileType = text; path = simd_mat4.inl; sourceTree = "<group>"; };
		7CA28FAB1E8C1AA7000E769E /* simd_vec4.hpp */ = {isa = PBXFileReference; fileEncoding = 4; lastKnownFileType = sourcecode.cpp.h; path = simd_vec4.hpp; sourceTree = "<group>"; };
		7CA28FAC1E8C1AA7000E769E /* simd_vec4.inl */ = {isa = PBXFileReference; fileEncoding = 4; lastKnownFileType = text; path = simd_vec4.inl; sourceTree = "<group>"; };
		7CA28FAD1E8C1AA7000E769E /* spline.hpp */ = {isa = PBXFileReference; fileEncoding = 4; lastKnownFileType = sourcecode.cpp.h; path = spline.hpp; sourceTree = "<group>"; };
		7CA28FAE1E8C1AA7000E769E /* spline.inl */ = {isa = PBXFileReference; fileEncoding = 4; lastKnownFileType = text; path = spline.inl; sourceTree = "<group>"; };
		7CA28FAF1E8C1AA7000E769E /* std_based_type.hpp */ = {isa = PBXFileReference; fileEncoding = 4; lastKnownFileType = sourcecode.cpp.h; path = std_based_type.hpp; sourceTree = "<group>"; };
		7CA28FB01E8C1AA7000E769E /* std_based_type.inl */ = {isa = PBXFileReference; fileEncoding = 4; lastKnownFileType = text; path = std_based_type.inl; sourceTree = "<group>"; };
		7CA28FB11E8C1AA7000E769E /* string_cast.hpp */ = {isa = PBXFileReference; fileEncoding = 4; lastKnownFileType = sourcecode.cpp.h; path = string_cast.hpp; sourceTree = "<group>"; };
		7CA28FB21E8C1AA7000E769E /* string_cast.inl */ = {isa = PBXFileReference; fileEncoding = 4; lastKnownFileType = text; path = string_cast.inl; sourceTree = "<group>"; };
		7CA28FB31E8C1AA7000E769E /* transform.hpp */ = {isa = PBXFileReference; fileEncoding = 4; lastKnownFileType = sourcecode.cpp.h; path = transform.hpp; sourceTree = "<group>"; };
		7CA28FB41E8C1AA7000E769E /* transform.inl */ = {isa = PBXFileReference; fileEncoding = 4; lastKnownFileType = text; path = transform.inl; sourceTree = "<group>"; };
		7CA28FB51E8C1AA7000E769E /* transform2.hpp */ = {isa = PBXFileReference; fileEncoding = 4; lastKnownFileType = sourcecode.cpp.h; path = transform2.hpp; sourceTree = "<group>"; };
		7CA28FB61E8C1AA7000E769E /* transform2.inl */ = {isa = PBXFileReference; fileEncoding = 4; lastKnownFileType = text; path = transform2.inl; sourceTree = "<group>"; };
		7CA28FB71E8C1AA7000E769E /* ulp.hpp */ = {isa = PBXFileReference; fileEncoding = 4; lastKnownFileType = sourcecode.cpp.h; path = ulp.hpp; sourceTree = "<group>"; };
		7CA28FB81E8C1AA7000E769E /* ulp.inl */ = {isa = PBXFileReference; fileEncoding = 4; lastKnownFileType = text; path = ulp.inl; sourceTree = "<group>"; };
		7CA28FB91E8C1AA7000E769E /* unsigned_int.hpp */ = {isa = PBXFileReference; fileEncoding = 4; lastKnownFileType = sourcecode.cpp.h; path = unsigned_int.hpp; sourceTree = "<group>"; };
		7CA28FBA1E8C1AA7000E769E /* unsigned_int.inl */ = {isa = PBXFileReference; fileEncoding = 4; lastKnownFileType = text; path = unsigned_int.inl; sourceTree = "<group>"; };
		7CA28FBB1E8C1AA7000E769E /* vec1.hpp */ = {isa = PBXFileReference; fileEncoding = 4; lastKnownFileType = sourcecode.cpp.h; path = vec1.hpp; sourceTree = "<group>"; };
		7CA28FBC1E8C1AA7000E769E /* vec1.inl */ = {isa = PBXFileReference; fileEncoding = 4; lastKnownFileType = text; path = vec1.inl; sourceTree = "<group>"; };
		7CA28FBD1E8C1AA7000E769E /* vector_access.hpp */ = {isa = PBXFileReference; fileEncoding = 4; lastKnownFileType = sourcecode.cpp.h; path = vector_access.hpp; sourceTree = "<group>"; };
		7CA28FBE1E8C1AA7000E769E /* vector_access.inl */ = {isa = PBXFileReference; fileEncoding = 4; lastKnownFileType = text; path = vector_access.inl; sourceTree = "<group>"; };
		7CA28FBF1E8C1AA7000E769E /* vector_angle.hpp */ = {isa = PBXFileReference; fileEncoding = 4; lastKnownFileType = sourcecode.cpp.h; path = vector_angle.hpp; sourceTree = "<group>"; };
		7CA28FC01E8C1AA7000E769E /* vector_angle.inl */ = {isa = PBXFileReference; fileEncoding = 4; lastKnownFileType = text; path = vector_angle.inl; sourceTree = "<group>"; };
		7CA28FC11E8C1AA7000E769E /* vector_query.hpp */ = {isa = PBXFileReference; fileEncoding = 4; lastKnownFileType = sourcecode.cpp.h; path = vector_query.hpp; sourceTree = "<group>"; };
		7CA28FC21E8C1AA7000E769E /* vector_query.inl */ = {isa = PBXFileReference; fileEncoding = 4; lastKnownFileType = text; path = vector_query.inl; sourceTree = "<group>"; };
		7CA28FC31E8C1AA7000E769E /* verbose_operator.hpp */ = {isa = PBXFileReference; fileEncoding = 4; lastKnownFileType = sourcecode.cpp.h; path = verbose_operator.hpp; sourceTree = "<group>"; };
		7CA28FC41E8C1AA7000E769E /* verbose_operator.inl */ = {isa = PBXFileReference; fileEncoding = 4; lastKnownFileType = text; path = verbose_operator.inl; sourceTree = "<group>"; };
		7CA28FC51E8C1AA7000E769E /* wrap.hpp */ = {isa = PBXFileReference; fileEncoding = 4; lastKnownFileType = sourcecode.cpp.h; path = wrap.hpp; sourceTree = "<group>"; };
		7CA28FC61E8C1AA7000E769E /* wrap.inl */ = {isa = PBXFileReference; fileEncoding = 4; lastKnownFileType = text; path = wrap.inl; sourceTree = "<group>"; };
		7CA28FC81E8C1AA7000E769E /* xstream.hpp */ = {isa = PBXFileReference; fileEncoding = 4; lastKnownFileType = sourcecode.cpp.h; path = xstream.hpp; sourceTree = "<group>"; };
/* End PBXFileReference section */

/* Begin PBXFrameworksBuildPhase section */
		7CA28EC31E8C17A6000E769E /* Frameworks */ = {
			isa = PBXFrameworksBuildPhase;
			buildActionMask = 2147483647;
			files = (
				7CA28EDB1E8C1931000E769E /* SDL.framework in Frameworks */,
			);
			runOnlyForDeploymentPostprocessing = 0;
		};
/* End PBXFrameworksBuildPhase section */

/* Begin PBXGroup section */
		7CA28EBD1E8C17A6000E769E = {
			isa = PBXGroup;
			children = (
				7CA28EDA1E8C1931000E769E /* SDL.framework */,
				7CA28EC81E8C17A6000E769E /* SDLwithGLM */,
				7CA28EC71E8C17A6000E769E /* Products */,
			);
			sourceTree = "<group>";
		};
		7CA28EC71E8C17A6000E769E /* Products */ = {
			isa = PBXGroup;
			children = (
				7CA28EC61E8C17A6000E769E /* SDLwithGLM.app */,
			);
			name = Products;
			sourceTree = "<group>";
		};
		7CA28EC81E8C17A6000E769E /* SDLwithGLM */ = {
			isa = PBXGroup;
			children = (
				7CA28ECF1E8C17A6000E769E /* Assets.xcassets */,
				7CA28ED41E8C17A6000E769E /* Info.plist */,
				7CA28ECC1E8C17A6000E769E /* Supporting Files */,
			);
			path = SDLwithGLM;
			sourceTree = "<group>";
		};
		7CA28ECC1E8C17A6000E769E /* Supporting Files */ = {
			isa = PBXGroup;
			children = (
				7CA28EE51E8C1AA6000E769E /* glm */,
				7CA28EE31E8C1A86000E769E /* skeleton.cpp */,
				7CA28EE21E8C1A72000E769E /* SDLauxiliary.h */,
				7CA28EDC1E8C1A3C000E769E /* devel-lite */,
			);
			name = "Supporting Files";
			sourceTree = "<group>";
		};
		7CA28EDC1E8C1A3C000E769E /* devel-lite */ = {
			isa = PBXGroup;
			children = (
				7CA28EDD1E8C1A3C000E769E /* ReadMeDevLite.txt */,
				7CA28EDE1E8C1A3C000E769E /* SDLMain.h */,
				7CA28EDF1E8C1A3C000E769E /* SDLMain.m */,
			);
			path = "devel-lite";
			sourceTree = "<group>";
		};
		7CA28EE51E8C1AA6000E769E /* glm */ = {
			isa = PBXGroup;
			children = (
				7CA28EE61E8C1AA6000E769E /* CMakeLists.txt */,
				7CA28EE71E8C1AA6000E769E /* core */,
				7CA28F341E8C1AA7000E769E /* ext.hpp */,
				7CA28F351E8C1AA7000E769E /* glm.hpp */,
				7CA28F361E8C1AA7000E769E /* gtc */,
				7CA28F4C1E8C1AA7000E769E /* gtx */,
				7CA28FC71E8C1AA7000E769E /* virtrev */,
			);
			path = glm;
			sourceTree = "<group>";
		};
		7CA28EE71E8C1AA6000E769E /* core */ = {
			isa = PBXGroup;
			children = (
				7CA28EE81E8C1AA6000E769E /* _detail.hpp */,
				7CA28EE91E8C1AA6000E769E /* _fixes.hpp */,
				7CA28EEA1E8C1AA6000E769E /* _swizzle.hpp */,
				7CA28EEB1E8C1AA6000E769E /* _swizzle_func.hpp */,
				7CA28EEC1E8C1AA6000E769E /* _vectorize.hpp */,
				7CA28EEE1E8C1AA6000E769E /* func_common.hpp */,
				7CA28EEF1E8C1AA6000E769E /* func_common.inl */,
				7CA28EF01E8C1AA6000E769E /* func_exponential.hpp */,
				7CA28EF11E8C1AA6000E769E /* func_exponential.inl */,
				7CA28EF21E8C1AA6000E769E /* func_geometric.hpp */,
				7CA28EF31E8C1AA6000E769E /* func_geometric.inl */,
				7CA28EF41E8C1AA6000E769E /* func_integer.hpp */,
				7CA28EF51E8C1AA6000E769E /* func_integer.inl */,
				7CA28EF61E8C1AA6000E769E /* func_matrix.hpp */,
				7CA28EF71E8C1AA6000E769E /* func_matrix.inl */,
				7CA28EF81E8C1AA6000E769E /* func_noise.hpp */,
				7CA28EF91E8C1AA6000E769E /* func_noise.inl */,
				7CA28EFA1E8C1AA6000E769E /* func_packing.hpp */,
				7CA28EFB1E8C1AA6000E769E /* func_packing.inl */,
				7CA28EFC1E8C1AA6000E769E /* func_trigonometric.hpp */,
				7CA28EFD1E8C1AA6000E769E /* func_trigonometric.inl */,
				7CA28EFE1E8C1AA6000E769E /* func_vector_relational.hpp */,
				7CA28EFF1E8C1AA6000E769E /* func_vector_relational.inl */,
				7CA28F001E8C1AA6000E769E /* hint.hpp */,
				7CA28F011E8C1AA6000E769E /* intrinsic_common.hpp */,
				7CA28F021E8C1AA6000E769E /* intrinsic_common.inl */,
				7CA28F031E8C1AA6000E769E /* intrinsic_exponential.hpp */,
				7CA28F041E8C1AA6000E769E /* intrinsic_exponential.inl */,
				7CA28F051E8C1AA6000E769E /* intrinsic_geometric.hpp */,
				7CA28F061E8C1AA6000E769E /* intrinsic_geometric.inl */,
				7CA28F071E8C1AA6000E769E /* intrinsic_matrix.hpp */,
				7CA28F081E8C1AA6000E769E /* intrinsic_matrix.inl */,
				7CA28F091E8C1AA6000E769E /* intrinsic_trigonometric.hpp */,
				7CA28F0A1E8C1AA6000E769E /* intrinsic_trigonometric.inl */,
				7CA28F0B1E8C1AA6000E769E /* intrinsic_vector_relational.hpp */,
				7CA28F0C1E8C1AA6000E769E /* intrinsic_vector_relational.inl */,
				7CA28F0D1E8C1AA6000E769E /* setup.hpp */,
				7CA28F0E1E8C1AA6000E769E /* type.hpp */,
				7CA28F0F1E8C1AA6000E769E /* type_float.hpp */,
				7CA28F101E8C1AA6000E769E /* type_gentype.hpp */,
				7CA28F111E8C1AA6000E769E /* type_gentype.inl */,
				7CA28F121E8C1AA6000E769E /* type_half.hpp */,
				7CA28F131E8C1AA6000E769E /* type_half.inl */,
				7CA28F141E8C1AA6000E769E /* type_int.hpp */,
				7CA28F151E8C1AA6000E769E /* type_mat.hpp */,
				7CA28F161E8C1AA6000E769E /* type_mat.inl */,
				7CA28F171E8C1AA6000E769E /* type_mat2x2.hpp */,
				7CA28F181E8C1AA6000E769E /* type_mat2x2.inl */,
				7CA28F191E8C1AA6000E769E /* type_mat2x3.hpp */,
				7CA28F1A1E8C1AA6000E769E /* type_mat2x3.inl */,
				7CA28F1B1E8C1AA6000E769E /* type_mat2x4.hpp */,
				7CA28F1C1E8C1AA6000E769E /* type_mat2x4.inl */,
				7CA28F1D1E8C1AA6000E769E /* type_mat3x2.hpp */,
				7CA28F1E1E8C1AA7000E769E /* type_mat3x2.inl */,
				7CA28F1F1E8C1AA7000E769E /* type_mat3x3.hpp */,
				7CA28F201E8C1AA7000E769E /* type_mat3x3.inl */,
				7CA28F211E8C1AA7000E769E /* type_mat3x4.hpp */,
				7CA28F221E8C1AA7000E769E /* type_mat3x4.inl */,
				7CA28F231E8C1AA7000E769E /* type_mat4x2.hpp */,
				7CA28F241E8C1AA7000E769E /* type_mat4x2.inl */,
				7CA28F251E8C1AA7000E769E /* type_mat4x3.hpp */,
				7CA28F261E8C1AA7000E769E /* type_mat4x3.inl */,
				7CA28F271E8C1AA7000E769E /* type_mat4x4.hpp */,
				7CA28F281E8C1AA7000E769E /* type_mat4x4.inl */,
				7CA28F291E8C1AA7000E769E /* type_size.hpp */,
				7CA28F2A1E8C1AA7000E769E /* type_vec.hpp */,
				7CA28F2B1E8C1AA7000E769E /* type_vec.inl */,
				7CA28F2C1E8C1AA7000E769E /* type_vec1.hpp */,
				7CA28F2D1E8C1AA7000E769E /* type_vec1.inl */,
				7CA28F2E1E8C1AA7000E769E /* type_vec2.hpp */,
				7CA28F2F1E8C1AA7000E769E /* type_vec2.inl */,
				7CA28F301E8C1AA7000E769E /* type_vec3.hpp */,
				7CA28F311E8C1AA7000E769E /* type_vec3.inl */,
				7CA28F321E8C1AA7000E769E /* type_vec4.hpp */,
				7CA28F331E8C1AA7000E769E /* type_vec4.inl */,
			);
			path = core;
			sourceTree = "<group>";
		};
		7CA28F361E8C1AA7000E769E /* gtc */ = {
			isa = PBXGroup;
			children = (
				7CA28F371E8C1AA7000E769E /* half_float.hpp */,
				7CA28F381E8C1AA7000E769E /* half_float.inl */,
				7CA28F391E8C1AA7000E769E /* matrix_access.hpp */,
				7CA28F3A1E8C1AA7000E769E /* matrix_access.inl */,
				7CA28F3B1E8C1AA7000E769E /* matrix_integer.hpp */,
				7CA28F3C1E8C1AA7000E769E /* matrix_inverse.hpp */,
				7CA28F3D1E8C1AA7000E769E /* matrix_inverse.inl */,
				7CA28F3E1E8C1AA7000E769E /* matrix_transform.hpp */,
				7CA28F3F1E8C1AA7000E769E /* matrix_transform.inl */,
				7CA28F401E8C1AA7000E769E /* noise.hpp */,
				7CA28F411E8C1AA7000E769E /* noise.inl */,
				7CA28F421E8C1AA7000E769E /* quaternion.hpp */,
				7CA28F431E8C1AA7000E769E /* quaternion.inl */,
				7CA28F441E8C1AA7000E769E /* random.hpp */,
				7CA28F451E8C1AA7000E769E /* random.inl */,
				7CA28F461E8C1AA7000E769E /* swizzle.hpp */,
				7CA28F471E8C1AA7000E769E /* swizzle.inl */,
				7CA28F481E8C1AA7000E769E /* type_precision.hpp */,
				7CA28F491E8C1AA7000E769E /* type_precision.inl */,
				7CA28F4A1E8C1AA7000E769E /* type_ptr.hpp */,
				7CA28F4B1E8C1AA7000E769E /* type_ptr.inl */,
			);
			path = gtc;
			sourceTree = "<group>";
		};
		7CA28F4C1E8C1AA7000E769E /* gtx */ = {
			isa = PBXGroup;
			children = (
				7CA28F4D1E8C1AA7000E769E /* associated_min_max.hpp */,
				7CA28F4E1E8C1AA7000E769E /* associated_min_max.inl */,
				7CA28F4F1E8C1AA7000E769E /* bit.hpp */,
				7CA28F501E8C1AA7000E769E /* bit.inl */,
				7CA28F511E8C1AA7000E769E /* closest_point.hpp */,
				7CA28F521E8C1AA7000E769E /* closest_point.inl */,
				7CA28F531E8C1AA7000E769E /* color_cast.hpp */,
				7CA28F541E8C1AA7000E769E /* color_cast.inl */,
				7CA28F551E8C1AA7000E769E /* color_space.hpp */,
				7CA28F561E8C1AA7000E769E /* color_space.inl */,
				7CA28F571E8C1AA7000E769E /* color_space_YCoCg.hpp */,
				7CA28F581E8C1AA7000E769E /* color_space_YCoCg.inl */,
				7CA28F591E8C1AA7000E769E /* compatibility.hpp */,
				7CA28F5A1E8C1AA7000E769E /* compatibility.inl */,
				7CA28F5B1E8C1AA7000E769E /* component_wise.hpp */,
				7CA28F5C1E8C1AA7000E769E /* component_wise.inl */,
				7CA28F5D1E8C1AA7000E769E /* constants.hpp */,
				7CA28F5E1E8C1AA7000E769E /* constants.inl */,
				7CA28F5F1E8C1AA7000E769E /* epsilon.hpp */,
				7CA28F601E8C1AA7000E769E /* epsilon.inl */,
				7CA28F611E8C1AA7000E769E /* euler_angles.hpp */,
				7CA28F621E8C1AA7000E769E /* euler_angles.inl */,
				7CA28F631E8C1AA7000E769E /* extend.hpp */,
				7CA28F641E8C1AA7000E769E /* extend.inl */,
				7CA28F651E8C1AA7000E769E /* extented_min_max.hpp */,
				7CA28F661E8C1AA7000E769E /* extented_min_max.inl */,
				7CA28F671E8C1AA7000E769E /* fast_exponential.hpp */,
				7CA28F681E8C1AA7000E769E /* fast_exponential.inl */,
				7CA28F691E8C1AA7000E769E /* fast_square_root.hpp */,
				7CA28F6A1E8C1AA7000E769E /* fast_square_root.inl */,
				7CA28F6B1E8C1AA7000E769E /* fast_trigonometry.hpp */,
				7CA28F6C1E8C1AA7000E769E /* fast_trigonometry.inl */,
				7CA28F6D1E8C1AA7000E769E /* gradient_paint.hpp */,
				7CA28F6E1E8C1AA7000E769E /* gradient_paint.inl */,
				7CA28F6F1E8C1AA7000E769E /* handed_coordinate_space.hpp */,
				7CA28F701E8C1AA7000E769E /* handed_coordinate_space.inl */,
				7CA28F711E8C1AA7000E769E /* inertia.hpp */,
				7CA28F721E8C1AA7000E769E /* inertia.inl */,
				7CA28F731E8C1AA7000E769E /* int_10_10_10_2.hpp */,
				7CA28F741E8C1AA7000E769E /* int_10_10_10_2.inl */,
				7CA28F751E8C1AA7000E769E /* integer.hpp */,
				7CA28F761E8C1AA7000E769E /* integer.inl */,
				7CA28F771E8C1AA7000E769E /* intersect.hpp */,
				7CA28F781E8C1AA7000E769E /* intersect.inl */,
				7CA28F791E8C1AA7000E769E /* log_base.hpp */,
				7CA28F7A1E8C1AA7000E769E /* log_base.inl */,
				7CA28F7B1E8C1AA7000E769E /* matrix_cross_product.hpp */,
				7CA28F7C1E8C1AA7000E769E /* matrix_cross_product.inl */,
				7CA28F7D1E8C1AA7000E769E /* matrix_interpolation.hpp */,
				7CA28F7E1E8C1AA7000E769E /* matrix_interpolation.inl */,
				7CA28F7F1E8C1AA7000E769E /* matrix_major_storage.hpp */,
				7CA28F801E8C1AA7000E769E /* matrix_major_storage.inl */,
				7CA28F811E8C1AA7000E769E /* matrix_operation.hpp */,
				7CA28F821E8C1AA7000E769E /* matrix_operation.inl */,
				7CA28F831E8C1AA7000E769E /* matrix_query.hpp */,
				7CA28F841E8C1AA7000E769E /* matrix_query.inl */,
				7CA28F851E8C1AA7000E769E /* mixed_product.hpp */,
				7CA28F861E8C1AA7000E769E /* mixed_product.inl */,
				7CA28F871E8C1AA7000E769E /* multiple.hpp */,
				7CA28F881E8C1AA7000E769E /* multiple.inl */,
				7CA28F891E8C1AA7000E769E /* noise.hpp */,
				7CA28F8A1E8C1AA7000E769E /* noise.inl */,
				7CA28F8B1E8C1AA7000E769E /* norm.hpp */,
				7CA28F8C1E8C1AA7000E769E /* norm.inl */,
				7CA28F8D1E8C1AA7000E769E /* normal.hpp */,
				7CA28F8E1E8C1AA7000E769E /* normal.inl */,
				7CA28F8F1E8C1AA7000E769E /* normalize_dot.hpp */,
				7CA28F901E8C1AA7000E769E /* normalize_dot.inl */,
				7CA28F911E8C1AA7000E769E /* number_precision.hpp */,
				7CA28F921E8C1AA7000E769E /* number_precision.inl */,
				7CA28F931E8C1AA7000E769E /* ocl_type.hpp */,
				7CA28F941E8C1AA7000E769E /* ocl_type.inl */,
				7CA28F951E8C1AA7000E769E /* optimum_pow.hpp */,
				7CA28F961E8C1AA7000E769E /* optimum_pow.inl */,
				7CA28F971E8C1AA7000E769E /* orthonormalize.hpp */,
				7CA28F981E8C1AA7000E769E /* orthonormalize.inl */,
				7CA28F991E8C1AA7000E769E /* perpendicular.hpp */,
				7CA28F9A1E8C1AA7000E769E /* perpendicular.inl */,
				7CA28F9B1E8C1AA7000E769E /* polar_coordinates.hpp */,
				7CA28F9C1E8C1AA7000E769E /* polar_coordinates.inl */,
				7CA28F9D1E8C1AA7000E769E /* projection.hpp */,
				7CA28F9E1E8C1AA7000E769E /* projection.inl */,
				7CA28F9F1E8C1AA7000E769E /* quaternion.hpp */,
				7CA28FA01E8C1AA7000E769E /* quaternion.inl */,
				7CA28FA11E8C1AA7000E769E /* random.hpp */,
				7CA28FA21E8C1AA7000E769E /* random.inl */,
				7CA28FA31E8C1AA7000E769E /* raw_data.hpp */,
				7CA28FA41E8C1AA7000E769E /* raw_data.inl */,
				7CA28FA51E8C1AA7000E769E /* reciprocal.hpp */,
				7CA28FA61E8C1AA7000E769E /* reciprocal.inl */,
				7CA28FA71E8C1AA7000E769E /* rotate_vector.hpp */,
				7CA28FA81E8C1AA7000E769E /* rotate_vector.inl */,
				7CA28FA91E8C1AA7000E769E /* simd_mat4.hpp */,
				7CA28FAA1E8C1AA7000E769E /* simd_mat4.inl */,
				7CA28FAB1E8C1AA7000E769E /* simd_vec4.hpp */,
				7CA28FAC1E8C1AA7000E769E /* simd_vec4.inl */,
				7CA28FAD1E8C1AA7000E769E /* spline.hpp */,
				7CA28FAE1E8C1AA7000E769E /* spline.inl */,
				7CA28FAF1E8C1AA7000E769E /* std_based_type.hpp */,
				7CA28FB01E8C1AA7000E769E /* std_based_type.inl */,
				7CA28FB11E8C1AA7000E769E /* string_cast.hpp */,
				7CA28FB21E8C1AA7000E769E /* string_cast.inl */,
				7CA28FB31E8C1AA7000E769E /* transform.hpp */,
				7CA28FB41E8C1AA7000E769E /* transform.inl */,
				7CA28FB51E8C1AA7000E769E /* transform2.hpp */,
				7CA28FB61E8C1AA7000E769E /* transform2.inl */,
				7CA28FB71E8C1AA7000E769E /* ulp.hpp */,
				7CA28FB81E8C1AA7000E769E /* ulp.inl */,
				7CA28FB91E8C1AA7000E769E /* unsigned_int.hpp */,
				7CA28FBA1E8C1AA7000E769E /* unsigned_int.inl */,
				7CA28FBB1E8C1AA7000E769E /* vec1.hpp */,
				7CA28FBC1E8C1AA7000E769E /* vec1.inl */,
				7CA28FBD1E8C1AA7000E769E /* vector_access.hpp */,
				7CA28FBE1E8C1AA7000E769E /* vector_access.inl */,
				7CA28FBF1E8C1AA7000E769E /* vector_angle.hpp */,
				7CA28FC01E8C1AA7000E769E /* vector_angle.inl */,
				7CA28FC11E8C1AA7000E769E /* vector_query.hpp */,
				7CA28FC21E8C1AA7000E769E /* vector_query.inl */,
				7CA28FC31E8C1AA7000E769E /* verbose_operator.hpp */,
				7CA28FC41E8C1AA7000E769E /* verbose_operator.inl */,
				7CA28FC51E8C1AA7000E769E /* wrap.hpp */,
				7CA28FC61E8C1AA7000E769E /* wrap.inl */,
			);
			path = gtx;
			sourceTree = "<group>";
		};
		7CA28FC71E8C1AA7000E769E /* virtrev */ = {
			isa = PBXGroup;
			children = (
				7CA28FC81E8C1AA7000E769E /* xstream.hpp */,
			);
			path = virtrev;
			sourceTree = "<group>";
		};
/* End PBXGroup section */

/* Begin PBXNativeTarget section */
		7CA28EC51E8C17A6000E769E /* SDLwithGLM */ = {
			isa = PBXNativeTarget;
			buildConfigurationList = 7CA28ED71E8C17A6000E769E /* Build configuration list for PBXNativeTarget "SDLwithGLM" */;
			buildPhases = (
				7CA28EC21E8C17A6000E769E /* Sources */,
				7CA28EC31E8C17A6000E769E /* Frameworks */,
				7CA28EC41E8C17A6000E769E /* Resources */,
			);
			buildRules = (
			);
			dependencies = (
			);
			name = SDLwithGLM;
			productName = SDLwithGLM;
			productReference = 7CA28EC61E8C17A6000E769E /* SDLwithGLM.app */;
			productType = "com.apple.product-type.application";
		};
/* End PBXNativeTarget section */

/* Begin PBXProject section */
		7CA28EBE1E8C17A6000E769E /* Project object */ = {
			isa = PBXProject;
			attributes = {
				LastUpgradeCheck = 0720;
				ORGANIZATIONNAME = "Victor Wegeborn";
				TargetAttributes = {
					7CA28EC51E8C17A6000E769E = {
						CreatedOnToolsVersion = 7.2.1;
					};
				};
			};
			buildConfigurationList = 7CA28EC11E8C17A6000E769E /* Build configuration list for PBXProject "SDLwithGLM" */;
			compatibilityVersion = "Xcode 3.2";
			developmentRegion = English;
			hasScannedForEncodings = 0;
			knownRegions = (
				en,
				Base,
			);
			mainGroup = 7CA28EBD1E8C17A6000E769E;
			productRefGroup = 7CA28EC71E8C17A6000E769E /* Products */;
			projectDirPath = "";
			projectRoot = "";
			targets = (
				7CA28EC51E8C17A6000E769E /* SDLwithGLM */,
			);
		};
/* End PBXProject section */

/* Begin PBXResourcesBuildPhase section */
		7CA28EC41E8C17A6000E769E /* Resources */ = {
			isa = PBXResourcesBuildPhase;
			buildActionMask = 2147483647;
			files = (
				7CA290131E8C1AA7000E769E /* noise.inl in Resources */,
				7CA290271E8C1AA7000E769E /* string_cast.inl in Resources */,
				7CA28FCF1E8C1AA7000E769E /* func_matrix.inl in Resources */,
				7CA290041E8C1AA7000E769E /* fast_trigonometry.inl in Resources */,
				7CA28FE51E8C1AA7000E769E /* type_mat4x4.inl in Resources */,
				7CA290281E8C1AA7000E769E /* transform.inl in Resources */,
				7CA290251E8C1AA7000E769E /* spline.inl in Resources */,
				7CA2901F1E8C1AA7000E769E /* random.inl in Resources */,
				7CA28FCC1E8C1AA7000E769E /* func_exponential.inl in Resources */,
				7CA290081E8C1AA7000E769E /* int_10_10_10_2.inl in Resources */,
				7CA28FDB1E8C1AA7000E769E /* type_half.inl in Resources */,
				7CA290241E8C1AA7000E769E /* simd_vec4.inl in Resources */,
				7CA290011E8C1AA7000E769E /* extented_min_max.inl in Resources */,
				7CA28FFB1E8C1AA7000E769E /* compatibility.inl in Resources */,
				7CA28FFA1E8C1AA7000E769E /* color_space_YCoCg.inl in Resources */,
				7CA28FF11E8C1AA7000E769E /* random.inl in Resources */,
				7CA28FE41E8C1AA7000E769E /* type_mat4x3.inl in Resources */,
				7CA2902F1E8C1AA7000E769E /* vector_query.inl in Resources */,
				7CA2900D1E8C1AA7000E769E /* matrix_interpolation.inl in Resources */,
				7CA28FDD1E8C1AA7000E769E /* type_mat2x2.inl in Resources */,
				7CA290181E8C1AA7000E769E /* ocl_type.inl in Resources */,
				7CA28FF51E8C1AA7000E769E /* associated_min_max.inl in Resources */,
				7CA2902A1E8C1AA7000E769E /* ulp.inl in Resources */,
				7CA28FF61E8C1AA7000E769E /* bit.inl in Resources */,
				7CA290141E8C1AA7000E769E /* norm.inl in Resources */,
				7CA28FCD1E8C1AA7000E769E /* func_geometric.inl in Resources */,
				7CA28FCE1E8C1AA7000E769E /* func_integer.inl in Resources */,
				7CA290091E8C1AA7000E769E /* integer.inl in Resources */,
				7CA28FD01E8C1AA7000E769E /* func_noise.inl in Resources */,
				7CA2902E1E8C1AA7000E769E /* vector_angle.inl in Resources */,
				7CA290111E8C1AA7000E769E /* mixed_product.inl in Resources */,
				7CA28FFC1E8C1AA7000E769E /* component_wise.inl in Resources */,
				7CA28FD51E8C1AA7000E769E /* intrinsic_exponential.inl in Resources */,
				7CA290101E8C1AA7000E769E /* matrix_query.inl in Resources */,
				7CA28FE01E8C1AA7000E769E /* type_mat3x2.inl in Resources */,
				7CA290151E8C1AA7000E769E /* normal.inl in Resources */,
				7CA28FD11E8C1AA7000E769E /* func_packing.inl in Resources */,
				7CA28FD61E8C1AA7000E769E /* intrinsic_geometric.inl in Resources */,
				7CA2902D1E8C1AA7000E769E /* vector_access.inl in Resources */,
				7CA290121E8C1AA7000E769E /* multiple.inl in Resources */,
				7CA28FDE1E8C1AA7000E769E /* type_mat2x3.inl in Resources */,
				7CA28FE71E8C1AA7000E769E /* type_vec1.inl in Resources */,
				7CA290221E8C1AA7000E769E /* rotate_vector.inl in Resources */,
				7CA28FCB1E8C1AA7000E769E /* func_common.inl in Resources */,
				7CA290001E8C1AA7000E769E /* extend.inl in Resources */,
				7CA28FE11E8C1AA7000E769E /* type_mat3x3.inl in Resources */,
				7CA28EE01E8C1A3C000E769E /* ReadMeDevLite.txt in Resources */,
				7CA28FE91E8C1AA7000E769E /* type_vec3.inl in Resources */,
				7CA290191E8C1AA7000E769E /* optimum_pow.inl in Resources */,
				7CA2901E1E8C1AA7000E769E /* quaternion.inl in Resources */,
				7CA290261E8C1AA7000E769E /* std_based_type.inl in Resources */,
				7CA28FD81E8C1AA7000E769E /* intrinsic_trigonometric.inl in Resources */,
				7CA28FD91E8C1AA7000E769E /* intrinsic_vector_relational.inl in Resources */,
				7CA28FF71E8C1AA7000E769E /* closest_point.inl in Resources */,
				7CA28FEC1E8C1AA7000E769E /* matrix_access.inl in Resources */,
				7CA28FE21E8C1AA7000E769E /* type_mat3x4.inl in Resources */,
				7CA28FED1E8C1AA7000E769E /* matrix_inverse.inl in Resources */,
				7CA290021E8C1AA7000E769E /* fast_exponential.inl in Resources */,
				7CA28FEF1E8C1AA7000E769E /* noise.inl in Resources */,
				7CA28FD21E8C1AA7000E769E /* func_trigonometric.inl in Resources */,
				7CA28FF91E8C1AA7000E769E /* color_space.inl in Resources */,
				7CA290301E8C1AA7000E769E /* verbose_operator.inl in Resources */,
				7CA290211E8C1AA7000E769E /* reciprocal.inl in Resources */,
				7CA290201E8C1AA7000E769E /* raw_data.inl in Resources */,
				7CA2901C1E8C1AA7000E769E /* polar_coordinates.inl in Resources */,
				7CA28ED01E8C17A6000E769E /* Assets.xcassets in Resources */,
				7CA28FF31E8C1AA7000E769E /* type_precision.inl in Resources */,
				7CA290071E8C1AA7000E769E /* inertia.inl in Resources */,
				7CA28FF41E8C1AA7000E769E /* type_ptr.inl in Resources */,
				7CA28FE81E8C1AA7000E769E /* type_vec2.inl in Resources */,
				7CA28FDF1E8C1AA7000E769E /* type_mat2x4.inl in Resources */,
				7CA28FFF1E8C1AA7000E769E /* euler_angles.inl in Resources */,
				7CA290051E8C1AA7000E769E /* gradient_paint.inl in Resources */,
				7CA28FD71E8C1AA7000E769E /* intrinsic_matrix.inl in Resources */,
				7CA290231E8C1AA7000E769E /* simd_mat4.inl in Resources */,
				7CA2900B1E8C1AA7000E769E /* log_base.inl in Resources */,
				7CA28FEB1E8C1AA7000E769E /* half_float.inl in Resources */,
				7CA28FDA1E8C1AA7000E769E /* type_gentype.inl in Resources */,
				7CA28FE61E8C1AA7000E769E /* type_vec.inl in Resources */,
				7CA28FFE1E8C1AA7000E769E /* epsilon.inl in Resources */,
				7CA28FC91E8C1AA7000E769E /* CMakeLists.txt in Resources */,
				7CA290311E8C1AA7000E769E /* wrap.inl in Resources */,
				7CA28FF81E8C1AA7000E769E /* color_cast.inl in Resources */,
				7CA2902C1E8C1AA7000E769E /* vec1.inl in Resources */,
				7CA290031E8C1AA7000E769E /* fast_square_root.inl in Resources */,
				7CA2900C1E8C1AA7000E769E /* matrix_cross_product.inl in Resources */,
				7CA28FF21E8C1AA7000E769E /* swizzle.inl in Resources */,
				7CA2901B1E8C1AA7000E769E /* perpendicular.inl in Resources */,
				7CA28FEA1E8C1AA7000E769E /* type_vec4.inl in Resources */,
				7CA28FD41E8C1AA7000E769E /* intrinsic_common.inl in Resources */,
				7CA28FE31E8C1AA7000E769E /* type_mat4x2.inl in Resources */,
				7CA2901A1E8C1AA7000E769E /* orthonormalize.inl in Resources */,
				7CA2900A1E8C1AA7000E769E /* intersect.inl in Resources */,
				7CA2900E1E8C1AA7000E769E /* matrix_major_storage.inl in Resources */,
				7CA2902B1E8C1AA7000E769E /* unsigned_int.inl in Resources */,
				7CA2901D1E8C1AA7000E769E /* projection.inl in Resources */,
				7CA290161E8C1AA7000E769E /* normalize_dot.inl in Resources */,
				7CA28FEE1E8C1AA7000E769E /* matrix_transform.inl in Resources */,
				7CA290171E8C1AA7000E769E /* number_precision.inl in Resources */,
				7CA2900F1E8C1AA7000E769E /* matrix_operation.inl in Resources */,
				7CA290061E8C1AA7000E769E /* handed_coordinate_space.inl in Resources */,
				7CA28FD31E8C1AA7000E769E /* func_vector_relational.inl in Resources */,
				7CA28FF01E8C1AA7000E769E /* quaternion.inl in Resources */,
				7CA28FDC1E8C1AA7000E769E /* type_mat.inl in Resources */,
				7CA28FFD1E8C1AA7000E769E /* constants.inl in Resources */,
				7CA290291E8C1AA7000E769E /* transform2.inl in Resources */,
			);
			runOnlyForDeploymentPostprocessing = 0;
		};
/* End PBXResourcesBuildPhase section */

/* Begin PBXSourcesBuildPhase section */
		7CA28EC21E8C17A6000E769E /* Sources */ = {
			isa = PBXSourcesBuildPhase;
			buildActionMask = 2147483647;
			files = (
				7CA28EE41E8C1A86000E769E /* skeleton.cpp in Sources */,
				7CA28EE11E8C1A3C000E769E /* SDLMain.m in Sources */,
			);
			runOnlyForDeploymentPostprocessing = 0;
		};
/* End PBXSourcesBuildPhase section */

/* Begin XCBuildConfiguration section */
		7CA28ED51E8C17A6000E769E /* Debug */ = {
			isa = XCBuildConfiguration;
			buildSettings = {
				ALWAYS_SEARCH_USER_PATHS = NO;
				CLANG_CXX_LANGUAGE_STANDARD = "gnu++0x";
				CLANG_CXX_LIBRARY = "libc++";
				CLANG_ENABLE_MODULES = YES;
				CLANG_ENABLE_OBJC_ARC = YES;
				CLANG_WARN_BOOL_CONVERSION = YES;
				CLANG_WARN_CONSTANT_CONVERSION = YES;
				CLANG_WARN_DIRECT_OBJC_ISA_USAGE = YES_ERROR;
				CLANG_WARN_EMPTY_BODY = YES;
				CLANG_WARN_ENUM_CONVERSION = YES;
				CLANG_WARN_INT_CONVERSION = YES;
				CLANG_WARN_OBJC_ROOT_CLASS = YES_ERROR;
				CLANG_WARN_UNREACHABLE_CODE = YES;
				CLANG_WARN__DUPLICATE_METHOD_MATCH = YES;
				CODE_SIGN_IDENTITY = "-";
				COPY_PHASE_STRIP = NO;
				DEBUG_INFORMATION_FORMAT = dwarf;
				ENABLE_STRICT_OBJC_MSGSEND = YES;
				ENABLE_TESTABILITY = YES;
				GCC_C_LANGUAGE_STANDARD = gnu99;
				GCC_DYNAMIC_NO_PIC = NO;
				GCC_NO_COMMON_BLOCKS = YES;
				GCC_OPTIMIZATION_LEVEL = 0;
				GCC_PREPROCESSOR_DEFINITIONS = (
					"DEBUG=1",
					"$(inherited)",
				);
				GCC_WARN_64_TO_32_BIT_CONVERSION = YES;
				GCC_WARN_ABOUT_RETURN_TYPE = YES_ERROR;
				GCC_WARN_UNDECLARED_SELECTOR = YES;
				GCC_WARN_UNINITIALIZED_AUTOS = YES_AGGRESSIVE;
				GCC_WARN_UNUSED_FUNCTION = YES;
				GCC_WARN_UNUSED_VARIABLE = YES;
				MACOSX_DEPLOYMENT_TARGET = 10.10;
				MTL_ENABLE_DEBUG_INFO = YES;
				ONLY_ACTIVE_ARCH = YES;
				SDKROOT = macosx;
			};
			name = Debug;
		};
		7CA28ED61E8C17A6000E769E /* Release */ = {
			isa = XCBuildConfiguration;
			buildSettings = {
				ALWAYS_SEARCH_USER_PATHS = NO;
				CLANG_CXX_LANGUAGE_STANDARD = "gnu++0x";
				CLANG_CXX_LIBRARY = "libc++";
				CLANG_ENABLE_MODULES = YES;
				CLANG_ENABLE_OBJC_ARC = YES;
				CLANG_WARN_BOOL_CONVERSION = YES;
				CLANG_WARN_CONSTANT_CONVERSION = YES;
				CLANG_WARN_DIRECT_OBJC_ISA_USAGE = YES_ERROR;
				CLANG_WARN_EMPTY_BODY = YES;
				CLANG_WARN_ENUM_CONVERSION = YES;
				CLANG_WARN_INT_CONVERSION = YES;
				CLANG_WARN_OBJC_ROOT_CLASS = YES_ERROR;
				CLANG_WARN_UNREACHABLE_CODE = YES;
				CLANG_WARN__DUPLICATE_METHOD_MATCH = YES;
				CODE_SIGN_IDENTITY = "-";
				COPY_PHASE_STRIP = NO;
				DEBUG_INFORMATION_FORMAT = "dwarf-with-dsym";
				ENABLE_NS_ASSERTIONS = NO;
				ENABLE_STRICT_OBJC_MSGSEND = YES;
				GCC_C_LANGUAGE_STANDARD = gnu99;
				GCC_NO_COMMON_BLOCKS = YES;
				GCC_WARN_64_TO_32_BIT_CONVERSION = YES;
				GCC_WARN_ABOUT_RETURN_TYPE = YES_ERROR;
				GCC_WARN_UNDECLARED_SELECTOR = YES;
				GCC_WARN_UNINITIALIZED_AUTOS = YES_AGGRESSIVE;
				GCC_WARN_UNUSED_FUNCTION = YES;
				GCC_WARN_UNUSED_VARIABLE = YES;
				MACOSX_DEPLOYMENT_TARGET = 10.10;
				MTL_ENABLE_DEBUG_INFO = NO;
				SDKROOT = macosx;
			};
			name = Release;
		};
		7CA28ED81E8C17A6000E769E /* Debug */ = {
			isa = XCBuildConfiguration;
			buildSettings = {
				ASSETCATALOG_COMPILER_APPICON_NAME = AppIcon;
				CLANG_ENABLE_OBJC_ARC = NO;
				COMBINE_HIDPI_IMAGES = YES;
				FRAMEWORK_SEARCH_PATHS = (
					"$(inherited)",
					"$(LOCAL_LIBRARY_DIR)/Frameworks",
				);
				HEADER_SEARCH_PATHS = /Library/Frameworks/SDL.framework/Headers;
				INFOPLIST_FILE = SDLwithGLM/Info.plist;
				LD_RUNPATH_SEARCH_PATHS = "$(inherited) @executable_path/../Frameworks";
				PRODUCT_BUNDLE_IDENTIFIER = kth.SDLwithGLM;
				PRODUCT_NAME = "$(TARGET_NAME)";
			};
			name = Debug;
		};
		7CA28ED91E8C17A6000E769E /* Release */ = {
			isa = XCBuildConfiguration;
			buildSettings = {
				ASSETCATALOG_COMPILER_APPICON_NAME = AppIcon;
				CLANG_ENABLE_OBJC_ARC = NO;
				COMBINE_HIDPI_IMAGES = YES;
				FRAMEWORK_SEARCH_PATHS = (
					"$(inherited)",
					"$(LOCAL_LIBRARY_DIR)/Frameworks",
				);
				HEADER_SEARCH_PATHS = /Library/Frameworks/SDL.framework/Headers;
				INFOPLIST_FILE = SDLwithGLM/Info.plist;
				LD_RUNPATH_SEARCH_PATHS = "$(inherited) @executable_path/../Frameworks";
				PRODUCT_BUNDLE_IDENTIFIER = kth.SDLwithGLM;
				PRODUCT_NAME = "$(TARGET_NAME)";
			};
			name = Release;
		};
/* End XCBuildConfiguration section */

/* Begin XCConfigurationList section */
		7CA28EC11E8C17A6000E769E /* Build configuration list for PBXProject "SDLwithGLM" */ = {
			isa = XCConfigurationList;
			buildConfigurations = (
				7CA28ED51E8C17A6000E769E /* Debug */,
				7CA28ED61E8C17A6000E769E /* Release */,
			);
			defaultConfigurationIsVisible = 0;
			defaultConfigurationName = Release;
		};
		7CA28ED71E8C17A6000E769E /* Build configuration list for PBXNativeTarget "SDLwithGLM" */ = {
			isa = XCConfigurationList;
			buildConfigurations = (
				7CA28ED81E8C17A6000E769E /* Debug */,
				7CA28ED91E8C17A6000E769E /* Release */,
			);
			defaultConfigurationIsVisible = 0;
		};
/* End XCConfigurationList section */
	};
	rootObject = 7CA28EBE1E8C17A6000E769E /* Project object */;
}
